// !$*UTF8*$!
{
	archiveVersion = 1;
	classes = {
	};
	objectVersion = 46;
	objects = {

/* Begin PBXBuildFile section */
		02976A6C4A5637A246355F51 /* OfflineKanbanDataWorker.swift in Sources */ = {isa = PBXBuildFile; fileRef = 41A4ADCDA3713F9059879696 /* OfflineKanbanDataWorker.swift */; };
		0D7337AD8309688198AA6826 /* ProjectRecord.swift in Sources */ = {isa = PBXBuildFile; fileRef = 0AF67DE6544DD5E20FBEB0E7 /* ProjectRecord.swift */; };
		1404C3507FCA6A8AE777D4A5 /* HomeFeatureEvent.swift in Sources */ = {isa = PBXBuildFile; fileRef = 364D78A7D135CE641D387963 /* HomeFeatureEvent.swift */; };
		19A6F08442E46BDB108D81A6 /* AppRoute.swift in Sources */ = {isa = PBXBuildFile; fileRef = F37AC22D1BA7712228697883 /* AppRoute.swift */; };
		1D63F11911C6488E41B0682A /* OfflineTaskWorker.swift in Sources */ = {isa = PBXBuildFile; fileRef = 17B577F79A507180F09A1982 /* OfflineTaskWorker.swift */; };
		1FAC3A8FEA96CEBCFAC29EED /* TaskPageFeatureState.swift in Sources */ = {isa = PBXBuildFile; fileRef = BB59D4EDB7A33B124636B045 /* TaskPageFeatureState.swift */; };
		22E60EDD3CDC3B3E7865F4A9 /* BoardStageRecord.swift in Sources */ = {isa = PBXBuildFile; fileRef = 4FE841CFD6BE8229303825A5 /* BoardStageRecord.swift */; };
		2B402916426394CE2E4474BF /* BoardStage.swift in Sources */ = {isa = PBXBuildFile; fileRef = 2BFDA097BF42D7F1CC4C4628 /* BoardStage.swift */; };
		2E1915BEE28F6FAC1539BBEC /* OfflineBoardDataWorker.swift in Sources */ = {isa = PBXBuildFile; fileRef = 84E5637F82BC556AD3A8AA7D /* OfflineBoardDataWorker.swift */; };
		2EAB014E5526CE65335B32AA /* ProjectListItemProjection.swift in Sources */ = {isa = PBXBuildFile; fileRef = DB30B579DB3992A0A2DBBED1 /* ProjectListItemProjection.swift */; };
		2FD33EE2C1919A9B604D7AD3 /* OnlineBoardGatewayContract.swift in Sources */ = {isa = PBXBuildFile; fileRef = 18262CB12B99D4E9166B4BCC /* OnlineBoardGatewayContract.swift */; };
		322793FE25BC71DB5F03176F /* EntityID.swift in Sources */ = {isa = PBXBuildFile; fileRef = 1A252EFE86DE71106F035018 /* EntityID.swift */; };
		3461A741EAF8AB564EAA5EF8 /* KanbanBoardFeatureFlow.swift in Sources */ = {isa = PBXBuildFile; fileRef = 1FA93A4A6272D78179EA2960 /* KanbanBoardFeatureFlow.swift */; };
		34A0727EAC7DBF3247730D61 /* Task.swift in Sources */ = {isa = PBXBuildFile; fileRef = 7CB3C518939325080B754953 /* Task.swift */; };
		34FB82E37C2173F2F39F50F1 /* BoardFeatureEvent.swift in Sources */ = {isa = PBXBuildFile; fileRef = 319FC758B4668B922A0B8E86 /* BoardFeatureEvent.swift */; };
		389E5A3C71D3EEF7C8571DAA /* AltisMacOSApp.swift in Sources */ = {isa = PBXBuildFile; fileRef = E30AECB9BCA94C0F827315B9 /* AltisMacOSApp.swift */; };
		3E4E2F6E650FFA423A773D1E /* TaskPageFeatureFlow.swift in Sources */ = {isa = PBXBuildFile; fileRef = FF5A6CBCA51ACFA0B6516DC6 /* TaskPageFeatureFlow.swift */; };
		3E9338B4F7DD81C0B78E0F94 /* ProjectFeatureState.swift in Sources */ = {isa = PBXBuildFile; fileRef = BFBD523E450C458FFCAE8CC0 /* ProjectFeatureState.swift */; };
		40EFF104F19C47BE77223EB5 /* altis_logo_placeholder_light.svg in Resources */ = {isa = PBXBuildFile; fileRef = 1007C24494F0E0F6BB74FCEE /* altis_logo_placeholder_light.svg */; };
		461A97153FCA2F15107B0503 /* LocalStoreContract.swift in Sources */ = {isa = PBXBuildFile; fileRef = 9D4C700DAD9688B398E801A6 /* LocalStoreContract.swift */; };
		4871BBD4A115BA3C4E3F3E4F /* altis_logo_placeholder_dark.svg in Resources */ = {isa = PBXBuildFile; fileRef = 5619EC507265B1FAB3E3EFD8 /* altis_logo_placeholder_dark.svg */; };
		550485A20873F691523A5738 /* BoardPageView.swift in Sources */ = {isa = PBXBuildFile; fileRef = F4D001CB2C882612D2DD38A5 /* BoardPageView.swift */; };
		58F784884A09C09E7B3AA653 /* OfflineProjectDataWorker.swift in Sources */ = {isa = PBXBuildFile; fileRef = 569E1BBB3123EE7A9ECC37F6 /* OfflineProjectDataWorker.swift */; };
		59A84E56D9E9F7C8D92BD841 /* HomeFeatureFlow.swift in Sources */ = {isa = PBXBuildFile; fileRef = 6645E3FADB3EE5F1A1653AA7 /* HomeFeatureFlow.swift */; };
		5BBC37ED1D99C8D191D47556 /* Cocoa.framework in Frameworks */ = {isa = PBXBuildFile; fileRef = 1450D008E2F66BC3D72999C6 /* Cocoa.framework */; };
		60A862C6B7790AB480067033 /* ProjectFeatureEvent.swift in Sources */ = {isa = PBXBuildFile; fileRef = F6E82C8330F632F7932F6AA0 /* ProjectFeatureEvent.swift */; };
		668EBEC2A9B2144CB465DD52 /* BoardListItemProjection.swift in Sources */ = {isa = PBXBuildFile; fileRef = 2A79F24CB00F368A15B0AAB2 /* BoardListItemProjection.swift */; };
		6CBEAEE45A480267B42D59FF /* LocalWritePathContract.swift in Sources */ = {isa = PBXBuildFile; fileRef = 77D778FC09A56663E256C1A1 /* LocalWritePathContract.swift */; };
		807A90B9B6265F5251DB2670 /* OfflineLocalBoardWorker.swift in Sources */ = {isa = PBXBuildFile; fileRef = B0EF790610ADA2D2A3CFA8EF /* OfflineLocalBoardWorker.swift */; };
		84F568D8B0EDF1F3DAB6DF3B /* BoardStagePreset.swift in Sources */ = {isa = PBXBuildFile; fileRef = FE9BC600B91832BB75052267 /* BoardStagePreset.swift */; };
		84FADEB88642E34C1B52499B /* ProjectPageView.swift in Sources */ = {isa = PBXBuildFile; fileRef = 52EC565F702286C5139713CE /* ProjectPageView.swift */; };
		880051EE87843BB546BABA95 /* HomePageView.swift in Sources */ = {isa = PBXBuildFile; fileRef = 05FD887773F2321E826B4CFD /* HomePageView.swift */; };
		88CC0C4C150FAC12B461EA97 /* AltisMacOSTests.swift in Sources */ = {isa = PBXBuildFile; fileRef = 94731D5EECE3DE25FC38581D /* AltisMacOSTests.swift */; };
		89637652094D90F2DE84697B /* TaskListPageView.swift in Sources */ = {isa = PBXBuildFile; fileRef = E021B99FD87269D3F924E733 /* TaskListPageView.swift */; };
		8C1D7A4076A3799C1E99BF4A /* KanbanBoardFeatureState.swift in Sources */ = {isa = PBXBuildFile; fileRef = A18A4330B462DE132450A2B2 /* KanbanBoardFeatureState.swift */; };
		9164F05A99C26729DDFC9951 /* TaskRecord.swift in Sources */ = {isa = PBXBuildFile; fileRef = F299A52C490F9F3E6CAEF991 /* TaskRecord.swift */; };
		91CA781184087F000A2E646E /* Workspace.swift in Sources */ = {isa = PBXBuildFile; fileRef = 567E21F0EAEB706F57315573 /* Workspace.swift */; };
		95E3716EB64095A05ED3415E /* TaskPageFeatureEvent.swift in Sources */ = {isa = PBXBuildFile; fileRef = BEE8D13A677DA695C0CB4ACC /* TaskPageFeatureEvent.swift */; };
		9858B7459B396F663470DC6D /* TaskDetailProjection.swift in Sources */ = {isa = PBXBuildFile; fileRef = 818F0052A3ACCF31B6F654F8 /* TaskDetailProjection.swift */; };
		9A326B7CC786D65849BD3E95 /* HomeFeatureState.swift in Sources */ = {isa = PBXBuildFile; fileRef = 5F229A3C7A861FF8B8C22223 /* HomeFeatureState.swift */; };
		9AD61D4F8B65DE15802CBEB8 /* Project.swift in Sources */ = {isa = PBXBuildFile; fileRef = 995F1044F0772E828405B0BD /* Project.swift */; };
		A66676B71CA09A340746053C /* altis_logo_placeholder_light.png in Resources */ = {isa = PBXBuildFile; fileRef = AC4D962B5971815F85F8E2E4 /* altis_logo_placeholder_light.png */; };
		A9EB2B1A6E2CB9F3E2B3D79B /* TaskPageView.swift in Sources */ = {isa = PBXBuildFile; fileRef = BE598B2289DDAEDC286A44FA /* TaskPageView.swift */; };
		AA0A31A7C11DB4474AA0439E /* Assets.xcassets in Resources */ = {isa = PBXBuildFile; fileRef = 0693B88A9A7DE751F6D70082 /* Assets.xcassets */; };
		ABD04BDD39C02E1BDFD28B00 /* OfflineTaskPageDataWorker.swift in Sources */ = {isa = PBXBuildFile; fileRef = 9054C080AB8C11F167760EAC /* OfflineTaskPageDataWorker.swift */; };
		AE5673B18E8630F3FE3B49C3 /* OfflineTaskListDataWorker.swift in Sources */ = {isa = PBXBuildFile; fileRef = F93758F31893A83780D99137 /* OfflineTaskListDataWorker.swift */; };
		AF4431500EC95B35F8D4698E /* TaskListFeatureFlow.swift in Sources */ = {isa = PBXBuildFile; fileRef = E69EC94218EDED7CFFD70FF8 /* TaskListFeatureFlow.swift */; };
		B7FBB4ED8F30D764143DD014 /* ProjectFeatureFlow.swift in Sources */ = {isa = PBXBuildFile; fileRef = 954A6C072C647FF7A996E58C /* ProjectFeatureFlow.swift */; };
		B9FA066E3084ED909C49188A /* ProjectDataWorker.swift in Sources */ = {isa = PBXBuildFile; fileRef = 4E9BF2E00DBB900F9AF5CB7F /* ProjectDataWorker.swift */; };
		BB0BE28687F7FDA2A76A73EC /* BoardMode.swift in Sources */ = {isa = PBXBuildFile; fileRef = FD7BEE19F8997253C218BD09 /* BoardMode.swift */; };
		BC0D28743B4661B72C07889E /* AppEnvironment.swift in Sources */ = {isa = PBXBuildFile; fileRef = E9B649A33DE66FC274A66071 /* AppEnvironment.swift */; };
		C60188B2F1AF15DDB2B12FC9 /* altis_logo_placeholder_dark.png in Resources */ = {isa = PBXBuildFile; fileRef = 237C090F9D15463CE3370A66 /* altis_logo_placeholder_dark.png */; };
		CD298963AD436BAEC354ABFF /* TaskListFeatureState.swift in Sources */ = {isa = PBXBuildFile; fileRef = 092FE00999DD63EFEA019DEA /* TaskListFeatureState.swift */; };
		CE793E7EB98D467B19B638A7 /* Board.swift in Sources */ = {isa = PBXBuildFile; fileRef = 0C221B06D3C664D319BE6323 /* Board.swift */; };
		CFE403034B8648486C96FC5D /* BoardFeatureState.swift in Sources */ = {isa = PBXBuildFile; fileRef = 1E0F2E8C6D6759F588F70A10 /* BoardFeatureState.swift */; };
		DE4D1BEB6497FFC7D5B79E1A /* KanbanBoardFeatureEvent.swift in Sources */ = {isa = PBXBuildFile; fileRef = F3C51F485EC70BE0D486821A /* KanbanBoardFeatureEvent.swift */; };
		E2856C826ECC80292A110F8A /* BoardFeatureFlow.swift in Sources */ = {isa = PBXBuildFile; fileRef = 3478B6BB6D346E6C73E66B58 /* BoardFeatureFlow.swift */; };
		E45AFB4E5D5D46ED20F059FA /* TaskListFeatureEvent.swift in Sources */ = {isa = PBXBuildFile; fileRef = E8972BABA3A5FE4605D48A25 /* TaskListFeatureEvent.swift */; };
		E5EBD4561156799BD60F1300 /* PersistenceRecordTests.swift in Sources */ = {isa = PBXBuildFile; fileRef = 9857638A9AF59779D4ABA1D5 /* PersistenceRecordTests.swift */; };
		E6EB057E22FDF88FB4E97DDD /* TaskListItemProjection.swift in Sources */ = {isa = PBXBuildFile; fileRef = BBE950DF6F79E495F1C4EB64 /* TaskListItemProjection.swift */; };
		E70ACEF9A816BD3E51220C14 /* KanbanColumnProjection.swift in Sources */ = {isa = PBXBuildFile; fileRef = 62C7DC15699D363E11B155DD /* KanbanColumnProjection.swift */; };
		E9A35CC98F5E43ED5DD5D62A /* RootView.swift in Sources */ = {isa = PBXBuildFile; fileRef = E65E7D59778BA58C8AF565E7 /* RootView.swift */; };
		EA2A4D6282FD18BE5AD3FDD2 /* BoardStagePresetRecord.swift in Sources */ = {isa = PBXBuildFile; fileRef = B6AC8F510301245C5BDEA468 /* BoardStagePresetRecord.swift */; };
		EAE87359725467B062CB6261 /* KanbanBoardPageView.swift in Sources */ = {isa = PBXBuildFile; fileRef = DB6B2FCC88B1893F9A1276EA /* KanbanBoardPageView.swift */; };
		EC4498272484D277F597AF8F /* AppShell.swift in Sources */ = {isa = PBXBuildFile; fileRef = A7BE34361E429D5706E26F43 /* AppShell.swift */; };
		F43C161D716BFF960E64BA9D /* OfflineLocalStore.swift in Sources */ = {isa = PBXBuildFile; fileRef = C6907FA73A59C6252F240586 /* OfflineLocalStore.swift */; };
		F5DCA8674F903F7AF6F01C3B /* Cocoa.framework in Frameworks */ = {isa = PBXBuildFile; fileRef = 1450D008E2F66BC3D72999C6 /* Cocoa.framework */; };
		FB9C9AFDF2AC1DAB4A09FC77 /* OnlineBoardUnavailableReason.swift in Sources */ = {isa = PBXBuildFile; fileRef = BEB4408D408AF9C42442E5D6 /* OnlineBoardUnavailableReason.swift */; };
		FBC5CD07BFE37B46E15EF0B7 /* PersistenceRecord.swift in Sources */ = {isa = PBXBuildFile; fileRef = 4D1246EF0E89A380C122142D /* PersistenceRecord.swift */; };
		FF189B4B5116CD7EAF8AAD3E /* BoardStageInvariants.swift in Sources */ = {isa = PBXBuildFile; fileRef = 534A2683763C8D5B10801761 /* BoardStageInvariants.swift */; };
		FF9D601697795397E82D50BE /* BoardRecord.swift in Sources */ = {isa = PBXBuildFile; fileRef = A02461D8A46A2E6338E30355 /* BoardRecord.swift */; };
/* End PBXBuildFile section */

/* Begin PBXContainerItemProxy section */
		400EE760881F986F4E5B979E /* PBXContainerItemProxy */ = {
			isa = PBXContainerItemProxy;
			containerPortal = 6D3C4AC431EB2F7CEA889FBB /* Project object */;
			proxyType = 1;
			remoteGlobalIDString = 73BABD5A1A93C454268E9971;
			remoteInfo = AltisMacOS;
		};
/* End PBXContainerItemProxy section */

/* Begin PBXFileReference section */
		05FD887773F2321E826B4CFD /* HomePageView.swift */ = {isa = PBXFileReference; includeInIndex = 1; lastKnownFileType = sourcecode.swift; name = HomePageView.swift; path = App/Features/Home/Page/HomePageView.swift; sourceTree = "<group>"; };
		0693B88A9A7DE751F6D70082 /* Assets.xcassets */ = {isa = PBXFileReference; includeInIndex = 1; lastKnownFileType = folder.assetcatalog; name = Assets.xcassets; path = Resources/Assets.xcassets; sourceTree = "<group>"; };
		092FE00999DD63EFEA019DEA /* TaskListFeatureState.swift */ = {isa = PBXFileReference; includeInIndex = 1; lastKnownFileType = sourcecode.swift; name = TaskListFeatureState.swift; path = App/Features/TaskList/State/TaskListFeatureState.swift; sourceTree = "<group>"; };
		0AF67DE6544DD5E20FBEB0E7 /* ProjectRecord.swift */ = {isa = PBXFileReference; includeInIndex = 1; lastKnownFileType = sourcecode.swift; name = ProjectRecord.swift; path = App/Models/Persistence/ProjectRecord.swift; sourceTree = "<group>"; };
		0C221B06D3C664D319BE6323 /* Board.swift */ = {isa = PBXFileReference; includeInIndex = 1; lastKnownFileType = sourcecode.swift; name = Board.swift; path = App/Models/Domain/Board.swift; sourceTree = "<group>"; };
		1007C24494F0E0F6BB74FCEE /* altis_logo_placeholder_light.svg */ = {isa = PBXFileReference; includeInIndex = 1; lastKnownFileType = text; name = altis_logo_placeholder_light.svg; path = Resources/altis_logo_placeholder_light.svg; sourceTree = "<group>"; };
		1450D008E2F66BC3D72999C6 /* Cocoa.framework */ = {isa = PBXFileReference; lastKnownFileType = wrapper.framework; name = Cocoa.framework; path = Platforms/MacOSX.platform/Developer/SDKs/MacOSX15.0.sdk/System/Library/Frameworks/Cocoa.framework; sourceTree = DEVELOPER_DIR; };
		17B577F79A507180F09A1982 /* OfflineTaskWorker.swift */ = {isa = PBXFileReference; includeInIndex = 1; lastKnownFileType = sourcecode.swift; name = OfflineTaskWorker.swift; path = App/Platform/Persistence/OfflineTaskWorker.swift; sourceTree = "<group>"; };
		18262CB12B99D4E9166B4BCC /* OnlineBoardGatewayContract.swift */ = {isa = PBXFileReference; includeInIndex = 1; lastKnownFileType = sourcecode.swift; name = OnlineBoardGatewayContract.swift; path = App/Models/Contracts/OnlineBoardGatewayContract.swift; sourceTree = "<group>"; };
		1A252EFE86DE71106F035018 /* EntityID.swift */ = {isa = PBXFileReference; includeInIndex = 1; lastKnownFileType = sourcecode.swift; name = EntityID.swift; path = App/Models/Domain/EntityID.swift; sourceTree = "<group>"; };
		1E0F2E8C6D6759F588F70A10 /* BoardFeatureState.swift */ = {isa = PBXFileReference; includeInIndex = 1; lastKnownFileType = sourcecode.swift; name = BoardFeatureState.swift; path = App/Features/Board/State/BoardFeatureState.swift; sourceTree = "<group>"; };
		1FA93A4A6272D78179EA2960 /* KanbanBoardFeatureFlow.swift */ = {isa = PBXFileReference; includeInIndex = 1; lastKnownFileType = sourcecode.swift; name = KanbanBoardFeatureFlow.swift; path = App/Features/KanbanBoard/State/KanbanBoardFeatureFlow.swift; sourceTree = "<group>"; };
		237C090F9D15463CE3370A66 /* altis_logo_placeholder_dark.png */ = {isa = PBXFileReference; includeInIndex = 1; lastKnownFileType = image.png; name = altis_logo_placeholder_dark.png; path = Resources/altis_logo_placeholder_dark.png; sourceTree = "<group>"; };
		2A79F24CB00F368A15B0AAB2 /* BoardListItemProjection.swift */ = {isa = PBXFileReference; includeInIndex = 1; lastKnownFileType = sourcecode.swift; name = BoardListItemProjection.swift; path = App/Models/Projections/BoardListItemProjection.swift; sourceTree = "<group>"; };
		2BFDA097BF42D7F1CC4C4628 /* BoardStage.swift */ = {isa = PBXFileReference; includeInIndex = 1; lastKnownFileType = sourcecode.swift; name = BoardStage.swift; path = App/Models/Domain/BoardStage.swift; sourceTree = "<group>"; };
		319FC758B4668B922A0B8E86 /* BoardFeatureEvent.swift */ = {isa = PBXFileReference; includeInIndex = 1; lastKnownFileType = sourcecode.swift; name = BoardFeatureEvent.swift; path = App/Features/Board/State/BoardFeatureEvent.swift; sourceTree = "<group>"; };
		3478B6BB6D346E6C73E66B58 /* BoardFeatureFlow.swift */ = {isa = PBXFileReference; includeInIndex = 1; lastKnownFileType = sourcecode.swift; name = BoardFeatureFlow.swift; path = App/Features/Board/State/BoardFeatureFlow.swift; sourceTree = "<group>"; };
		364D78A7D135CE641D387963 /* HomeFeatureEvent.swift */ = {isa = PBXFileReference; includeInIndex = 1; lastKnownFileType = sourcecode.swift; name = HomeFeatureEvent.swift; path = App/Features/Home/State/HomeFeatureEvent.swift; sourceTree = "<group>"; };
		41A4ADCDA3713F9059879696 /* OfflineKanbanDataWorker.swift */ = {isa = PBXFileReference; includeInIndex = 1; lastKnownFileType = sourcecode.swift; name = OfflineKanbanDataWorker.swift; path = App/Features/KanbanBoard/State/OfflineKanbanDataWorker.swift; sourceTree = "<group>"; };
		4D1246EF0E89A380C122142D /* PersistenceRecord.swift */ = {isa = PBXFileReference; includeInIndex = 1; lastKnownFileType = sourcecode.swift; name = PersistenceRecord.swift; path = App/Models/Persistence/PersistenceRecord.swift; sourceTree = "<group>"; };
		4E9BF2E00DBB900F9AF5CB7F /* ProjectDataWorker.swift */ = {isa = PBXFileReference; includeInIndex = 1; lastKnownFileType = sourcecode.swift; name = ProjectDataWorker.swift; path = App/Features/Project/State/ProjectDataWorker.swift; sourceTree = "<group>"; };
		4F1E9BAE46A9889F21BE723F /* Altis.xctest */ = {isa = PBXFileReference; explicitFileType = wrapper.cfbundle; includeInIndex = 0; path = Altis.xctest; sourceTree = BUILT_PRODUCTS_DIR; };
		4FE841CFD6BE8229303825A5 /* BoardStageRecord.swift */ = {isa = PBXFileReference; includeInIndex = 1; lastKnownFileType = sourcecode.swift; name = BoardStageRecord.swift; path = App/Models/Persistence/BoardStageRecord.swift; sourceTree = "<group>"; };
		52EC565F702286C5139713CE /* ProjectPageView.swift */ = {isa = PBXFileReference; includeInIndex = 1; lastKnownFileType = sourcecode.swift; name = ProjectPageView.swift; path = App/Features/Project/Page/ProjectPageView.swift; sourceTree = "<group>"; };
		534A2683763C8D5B10801761 /* BoardStageInvariants.swift */ = {isa = PBXFileReference; includeInIndex = 1; lastKnownFileType = sourcecode.swift; name = BoardStageInvariants.swift; path = App/Models/Domain/BoardStageInvariants.swift; sourceTree = "<group>"; };
		5619EC507265B1FAB3E3EFD8 /* altis_logo_placeholder_dark.svg */ = {isa = PBXFileReference; includeInIndex = 1; lastKnownFileType = text; name = altis_logo_placeholder_dark.svg; path = Resources/altis_logo_placeholder_dark.svg; sourceTree = "<group>"; };
		567E21F0EAEB706F57315573 /* Workspace.swift */ = {isa = PBXFileReference; includeInIndex = 1; lastKnownFileType = sourcecode.swift; name = Workspace.swift; path = App/Models/Domain/Workspace.swift; sourceTree = "<group>"; };
		569E1BBB3123EE7A9ECC37F6 /* OfflineProjectDataWorker.swift */ = {isa = PBXFileReference; includeInIndex = 1; lastKnownFileType = sourcecode.swift; name = OfflineProjectDataWorker.swift; path = App/Platform/Persistence/OfflineProjectDataWorker.swift; sourceTree = "<group>"; };
		5F229A3C7A861FF8B8C22223 /* HomeFeatureState.swift */ = {isa = PBXFileReference; includeInIndex = 1; lastKnownFileType = sourcecode.swift; name = HomeFeatureState.swift; path = App/Features/Home/State/HomeFeatureState.swift; sourceTree = "<group>"; };
		62C7DC15699D363E11B155DD /* KanbanColumnProjection.swift */ = {isa = PBXFileReference; includeInIndex = 1; lastKnownFileType = sourcecode.swift; name = KanbanColumnProjection.swift; path = App/Models/Projections/KanbanColumnProjection.swift; sourceTree = "<group>"; };
		6645E3FADB3EE5F1A1653AA7 /* HomeFeatureFlow.swift */ = {isa = PBXFileReference; includeInIndex = 1; lastKnownFileType = sourcecode.swift; name = HomeFeatureFlow.swift; path = App/Features/Home/State/HomeFeatureFlow.swift; sourceTree = "<group>"; };
		77D778FC09A56663E256C1A1 /* LocalWritePathContract.swift */ = {isa = PBXFileReference; includeInIndex = 1; lastKnownFileType = sourcecode.swift; name = LocalWritePathContract.swift; path = App/Models/Persistence/LocalWritePathContract.swift; sourceTree = "<group>"; };
		7C014D874458BB422169905B /* MACOS_MVP_TASK_BREAKDOWN.md */ = {isa = PBXFileReference; includeInIndex = 1; lastKnownFileType = net.daringfireball.markdown; path = MACOS_MVP_TASK_BREAKDOWN.md; sourceTree = "<group>"; };
		7CB3C518939325080B754953 /* Task.swift */ = {isa = PBXFileReference; includeInIndex = 1; lastKnownFileType = sourcecode.swift; name = Task.swift; path = App/Models/Domain/Task.swift; sourceTree = "<group>"; };
		818F0052A3ACCF31B6F654F8 /* TaskDetailProjection.swift */ = {isa = PBXFileReference; includeInIndex = 1; lastKnownFileType = sourcecode.swift; name = TaskDetailProjection.swift; path = App/Models/Projections/TaskDetailProjection.swift; sourceTree = "<group>"; };
		84E5637F82BC556AD3A8AA7D /* OfflineBoardDataWorker.swift */ = {isa = PBXFileReference; includeInIndex = 1; lastKnownFileType = sourcecode.swift; name = OfflineBoardDataWorker.swift; path = App/Features/Board/State/OfflineBoardDataWorker.swift; sourceTree = "<group>"; };
		9054C080AB8C11F167760EAC /* OfflineTaskPageDataWorker.swift */ = {isa = PBXFileReference; includeInIndex = 1; lastKnownFileType = sourcecode.swift; name = OfflineTaskPageDataWorker.swift; path = App/Features/TaskPage/State/OfflineTaskPageDataWorker.swift; sourceTree = "<group>"; };
		94731D5EECE3DE25FC38581D /* AltisMacOSTests.swift */ = {isa = PBXFileReference; includeInIndex = 1; lastKnownFileType = sourcecode.swift; name = AltisMacOSTests.swift; path = Tests/AltisMacOSTests.swift; sourceTree = "<group>"; };
		954A6C072C647FF7A996E58C /* ProjectFeatureFlow.swift */ = {isa = PBXFileReference; includeInIndex = 1; lastKnownFileType = sourcecode.swift; name = ProjectFeatureFlow.swift; path = App/Features/Project/State/ProjectFeatureFlow.swift; sourceTree = "<group>"; };
		9857638A9AF59779D4ABA1D5 /* PersistenceRecordTests.swift */ = {isa = PBXFileReference; includeInIndex = 1; lastKnownFileType = sourcecode.swift; name = PersistenceRecordTests.swift; path = Tests/PersistenceRecordTests.swift; sourceTree = "<group>"; };
		995F1044F0772E828405B0BD /* Project.swift */ = {isa = PBXFileReference; includeInIndex = 1; lastKnownFileType = sourcecode.swift; name = Project.swift; path = App/Models/Domain/Project.swift; sourceTree = "<group>"; };
		9A657BBF734218B3575D2E62 /* Altis.app */ = {isa = PBXFileReference; explicitFileType = wrapper.application; includeInIndex = 0; path = Altis.app; sourceTree = BUILT_PRODUCTS_DIR; };
		9D4C700DAD9688B398E801A6 /* LocalStoreContract.swift */ = {isa = PBXFileReference; includeInIndex = 1; lastKnownFileType = sourcecode.swift; name = LocalStoreContract.swift; path = App/Models/Persistence/LocalStoreContract.swift; sourceTree = "<group>"; };
		A02461D8A46A2E6338E30355 /* BoardRecord.swift */ = {isa = PBXFileReference; includeInIndex = 1; lastKnownFileType = sourcecode.swift; name = BoardRecord.swift; path = App/Models/Persistence/BoardRecord.swift; sourceTree = "<group>"; };
		A18A4330B462DE132450A2B2 /* KanbanBoardFeatureState.swift */ = {isa = PBXFileReference; includeInIndex = 1; lastKnownFileType = sourcecode.swift; name = KanbanBoardFeatureState.swift; path = App/Features/KanbanBoard/State/KanbanBoardFeatureState.swift; sourceTree = "<group>"; };
		A1AA06D21BEB7C7330DCFE3B /* Base.xcconfig */ = {isa = PBXFileReference; includeInIndex = 1; lastKnownFileType = text.xcconfig; name = Base.xcconfig; path = Config/Base.xcconfig; sourceTree = "<group>"; };
		A7BE34361E429D5706E26F43 /* AppShell.swift */ = {isa = PBXFileReference; includeInIndex = 1; lastKnownFileType = sourcecode.swift; name = AppShell.swift; path = App/Shell/AppShell.swift; sourceTree = "<group>"; };
		AC4D962B5971815F85F8E2E4 /* altis_logo_placeholder_light.png */ = {isa = PBXFileReference; includeInIndex = 1; lastKnownFileType = image.png; name = altis_logo_placeholder_light.png; path = Resources/altis_logo_placeholder_light.png; sourceTree = "<group>"; };
		B0EF790610ADA2D2A3CFA8EF /* OfflineLocalBoardWorker.swift */ = {isa = PBXFileReference; includeInIndex = 1; lastKnownFileType = sourcecode.swift; name = OfflineLocalBoardWorker.swift; path = App/Platform/Persistence/OfflineLocalBoardWorker.swift; sourceTree = "<group>"; };
		B6AC8F510301245C5BDEA468 /* BoardStagePresetRecord.swift */ = {isa = PBXFileReference; includeInIndex = 1; lastKnownFileType = sourcecode.swift; name = BoardStagePresetRecord.swift; path = App/Models/Persistence/BoardStagePresetRecord.swift; sourceTree = "<group>"; };
		BA039F49EDDA56F6AED644C8 /* Release.xcconfig */ = {isa = PBXFileReference; includeInIndex = 1; lastKnownFileType = text.xcconfig; name = Release.xcconfig; path = Config/Release.xcconfig; sourceTree = "<group>"; };
		BB59D4EDB7A33B124636B045 /* TaskPageFeatureState.swift */ = {isa = PBXFileReference; includeInIndex = 1; lastKnownFileType = sourcecode.swift; name = TaskPageFeatureState.swift; path = App/Features/TaskPage/State/TaskPageFeatureState.swift; sourceTree = "<group>"; };
		BBE950DF6F79E495F1C4EB64 /* TaskListItemProjection.swift */ = {isa = PBXFileReference; includeInIndex = 1; lastKnownFileType = sourcecode.swift; name = TaskListItemProjection.swift; path = App/Models/Projections/TaskListItemProjection.swift; sourceTree = "<group>"; };
		BE598B2289DDAEDC286A44FA /* TaskPageView.swift */ = {isa = PBXFileReference; includeInIndex = 1; lastKnownFileType = sourcecode.swift; name = TaskPageView.swift; path = App/Features/TaskPage/Page/TaskPageView.swift; sourceTree = "<group>"; };
		BEB4408D408AF9C42442E5D6 /* OnlineBoardUnavailableReason.swift */ = {isa = PBXFileReference; includeInIndex = 1; lastKnownFileType = sourcecode.swift; name = OnlineBoardUnavailableReason.swift; path = App/SharedUI/OnlineBoardUnavailableReason.swift; sourceTree = "<group>"; };
		BEE8D13A677DA695C0CB4ACC /* TaskPageFeatureEvent.swift */ = {isa = PBXFileReference; includeInIndex = 1; lastKnownFileType = sourcecode.swift; name = TaskPageFeatureEvent.swift; path = App/Features/TaskPage/State/TaskPageFeatureEvent.swift; sourceTree = "<group>"; };
		BFBD523E450C458FFCAE8CC0 /* ProjectFeatureState.swift */ = {isa = PBXFileReference; includeInIndex = 1; lastKnownFileType = sourcecode.swift; name = ProjectFeatureState.swift; path = App/Features/Project/State/ProjectFeatureState.swift; sourceTree = "<group>"; };
		C6907FA73A59C6252F240586 /* OfflineLocalStore.swift */ = {isa = PBXFileReference; includeInIndex = 1; lastKnownFileType = sourcecode.swift; name = OfflineLocalStore.swift; path = App/Platform/Persistence/OfflineLocalStore.swift; sourceTree = "<group>"; };
		DB30B579DB3992A0A2DBBED1 /* ProjectListItemProjection.swift */ = {isa = PBXFileReference; includeInIndex = 1; lastKnownFileType = sourcecode.swift; name = ProjectListItemProjection.swift; path = App/Models/Projections/ProjectListItemProjection.swift; sourceTree = "<group>"; };
		DB6B2FCC88B1893F9A1276EA /* KanbanBoardPageView.swift */ = {isa = PBXFileReference; includeInIndex = 1; lastKnownFileType = sourcecode.swift; name = KanbanBoardPageView.swift; path = App/Features/KanbanBoard/Page/KanbanBoardPageView.swift; sourceTree = "<group>"; };
		E021B99FD87269D3F924E733 /* TaskListPageView.swift */ = {isa = PBXFileReference; includeInIndex = 1; lastKnownFileType = sourcecode.swift; name = TaskListPageView.swift; path = App/Features/TaskList/Page/TaskListPageView.swift; sourceTree = "<group>"; };
		E30AECB9BCA94C0F827315B9 /* AltisMacOSApp.swift */ = {isa = PBXFileReference; includeInIndex = 1; lastKnownFileType = sourcecode.swift; name = AltisMacOSApp.swift; path = App/AltisMacOSApp.swift; sourceTree = "<group>"; };
		E65E7D59778BA58C8AF565E7 /* RootView.swift */ = {isa = PBXFileReference; includeInIndex = 1; lastKnownFileType = sourcecode.swift; name = RootView.swift; path = App/RootView.swift; sourceTree = "<group>"; };
		E69EC94218EDED7CFFD70FF8 /* TaskListFeatureFlow.swift */ = {isa = PBXFileReference; includeInIndex = 1; lastKnownFileType = sourcecode.swift; name = TaskListFeatureFlow.swift; path = App/Features/TaskList/State/TaskListFeatureFlow.swift; sourceTree = "<group>"; };
		E8972BABA3A5FE4605D48A25 /* TaskListFeatureEvent.swift */ = {isa = PBXFileReference; includeInIndex = 1; lastKnownFileType = sourcecode.swift; name = TaskListFeatureEvent.swift; path = App/Features/TaskList/State/TaskListFeatureEvent.swift; sourceTree = "<group>"; };
		E9B649A33DE66FC274A66071 /* AppEnvironment.swift */ = {isa = PBXFileReference; includeInIndex = 1; lastKnownFileType = sourcecode.swift; name = AppEnvironment.swift; path = App/Shell/AppEnvironment.swift; sourceTree = "<group>"; };
		F299A52C490F9F3E6CAEF991 /* TaskRecord.swift */ = {isa = PBXFileReference; includeInIndex = 1; lastKnownFileType = sourcecode.swift; name = TaskRecord.swift; path = App/Models/Persistence/TaskRecord.swift; sourceTree = "<group>"; };
		F37AC22D1BA7712228697883 /* AppRoute.swift */ = {isa = PBXFileReference; includeInIndex = 1; lastKnownFileType = sourcecode.swift; name = AppRoute.swift; path = App/Navigation/AppRoute.swift; sourceTree = "<group>"; };
		F3C51F485EC70BE0D486821A /* KanbanBoardFeatureEvent.swift */ = {isa = PBXFileReference; includeInIndex = 1; lastKnownFileType = sourcecode.swift; name = KanbanBoardFeatureEvent.swift; path = App/Features/KanbanBoard/State/KanbanBoardFeatureEvent.swift; sourceTree = "<group>"; };
		F4D001CB2C882612D2DD38A5 /* BoardPageView.swift */ = {isa = PBXFileReference; includeInIndex = 1; lastKnownFileType = sourcecode.swift; name = BoardPageView.swift; path = App/Features/Board/Page/BoardPageView.swift; sourceTree = "<group>"; };
		F6E82C8330F632F7932F6AA0 /* ProjectFeatureEvent.swift */ = {isa = PBXFileReference; includeInIndex = 1; lastKnownFileType = sourcecode.swift; name = ProjectFeatureEvent.swift; path = App/Features/Project/State/ProjectFeatureEvent.swift; sourceTree = "<group>"; };
		F93758F31893A83780D99137 /* OfflineTaskListDataWorker.swift */ = {isa = PBXFileReference; includeInIndex = 1; lastKnownFileType = sourcecode.swift; name = OfflineTaskListDataWorker.swift; path = App/Features/TaskList/State/OfflineTaskListDataWorker.swift; sourceTree = "<group>"; };
		FC145DA0A7B351F7A3217519 /* Debug.xcconfig */ = {isa = PBXFileReference; includeInIndex = 1; lastKnownFileType = text.xcconfig; name = Debug.xcconfig; path = Config/Debug.xcconfig; sourceTree = "<group>"; };
		FD7BEE19F8997253C218BD09 /* BoardMode.swift */ = {isa = PBXFileReference; includeInIndex = 1; lastKnownFileType = sourcecode.swift; name = BoardMode.swift; path = App/Models/Domain/BoardMode.swift; sourceTree = "<group>"; };
		FE9BC600B91832BB75052267 /* BoardStagePreset.swift */ = {isa = PBXFileReference; includeInIndex = 1; lastKnownFileType = sourcecode.swift; name = BoardStagePreset.swift; path = App/Models/Domain/BoardStagePreset.swift; sourceTree = "<group>"; };
		FF5A6CBCA51ACFA0B6516DC6 /* TaskPageFeatureFlow.swift */ = {isa = PBXFileReference; includeInIndex = 1; lastKnownFileType = sourcecode.swift; name = TaskPageFeatureFlow.swift; path = App/Features/TaskPage/State/TaskPageFeatureFlow.swift; sourceTree = "<group>"; };
/* End PBXFileReference section */

/* Begin PBXFrameworksBuildPhase section */
		67587BC7DD6803BE8CAAF3EA /* Frameworks */ = {
			isa = PBXFrameworksBuildPhase;
			buildActionMask = 2147483647;
			files = (
				F5DCA8674F903F7AF6F01C3B /* Cocoa.framework in Frameworks */,
			);
			runOnlyForDeploymentPostprocessing = 0;
		};
		B7EBB7E85C1193CA21835057 /* Frameworks */ = {
			isa = PBXFrameworksBuildPhase;
			buildActionMask = 2147483647;
			files = (
				5BBC37ED1D99C8D191D47556 /* Cocoa.framework in Frameworks */,
			);
			runOnlyForDeploymentPostprocessing = 0;
		};
/* End PBXFrameworksBuildPhase section */

/* Begin PBXGroup section */
		0BCC5EC2056738BD7B512A20 /* Frameworks */ = {
			isa = PBXGroup;
			children = (
				53292950A859063CD86FA793 /* OS X */,
			);
			name = Frameworks;
			sourceTree = "<group>";
		};
		33CBE0A3982F24E0A7361975 /* Docs */ = {
			isa = PBXGroup;
			children = (
				7C014D874458BB422169905B /* MACOS_MVP_TASK_BREAKDOWN.md */,
			);
			name = Docs;
			sourceTree = "<group>";
		};
		3B6AA207F5A36A42AB456E8D = {
			isa = PBXGroup;
			children = (
				4D88457CCEFBAFB4007959B1 /* Products */,
				0BCC5EC2056738BD7B512A20 /* Frameworks */,
				E30AECB9BCA94C0F827315B9 /* AltisMacOSApp.swift */,
				F4D001CB2C882612D2DD38A5 /* BoardPageView.swift */,
				319FC758B4668B922A0B8E86 /* BoardFeatureEvent.swift */,
				3478B6BB6D346E6C73E66B58 /* BoardFeatureFlow.swift */,
				1E0F2E8C6D6759F588F70A10 /* BoardFeatureState.swift */,
				84E5637F82BC556AD3A8AA7D /* OfflineBoardDataWorker.swift */,
				05FD887773F2321E826B4CFD /* HomePageView.swift */,
				364D78A7D135CE641D387963 /* HomeFeatureEvent.swift */,
				6645E3FADB3EE5F1A1653AA7 /* HomeFeatureFlow.swift */,
				5F229A3C7A861FF8B8C22223 /* HomeFeatureState.swift */,
				DB6B2FCC88B1893F9A1276EA /* KanbanBoardPageView.swift */,
				F3C51F485EC70BE0D486821A /* KanbanBoardFeatureEvent.swift */,
				1FA93A4A6272D78179EA2960 /* KanbanBoardFeatureFlow.swift */,
				A18A4330B462DE132450A2B2 /* KanbanBoardFeatureState.swift */,
				41A4ADCDA3713F9059879696 /* OfflineKanbanDataWorker.swift */,
				52EC565F702286C5139713CE /* ProjectPageView.swift */,
				4E9BF2E00DBB900F9AF5CB7F /* ProjectDataWorker.swift */,
				F6E82C8330F632F7932F6AA0 /* ProjectFeatureEvent.swift */,
				954A6C072C647FF7A996E58C /* ProjectFeatureFlow.swift */,
				BFBD523E450C458FFCAE8CC0 /* ProjectFeatureState.swift */,
				E021B99FD87269D3F924E733 /* TaskListPageView.swift */,
				F93758F31893A83780D99137 /* OfflineTaskListDataWorker.swift */,
				E8972BABA3A5FE4605D48A25 /* TaskListFeatureEvent.swift */,
				E69EC94218EDED7CFFD70FF8 /* TaskListFeatureFlow.swift */,
				092FE00999DD63EFEA019DEA /* TaskListFeatureState.swift */,
				BE598B2289DDAEDC286A44FA /* TaskPageView.swift */,
				9054C080AB8C11F167760EAC /* OfflineTaskPageDataWorker.swift */,
				BEE8D13A677DA695C0CB4ACC /* TaskPageFeatureEvent.swift */,
				FF5A6CBCA51ACFA0B6516DC6 /* TaskPageFeatureFlow.swift */,
				BB59D4EDB7A33B124636B045 /* TaskPageFeatureState.swift */,
				18262CB12B99D4E9166B4BCC /* OnlineBoardGatewayContract.swift */,
				0C221B06D3C664D319BE6323 /* Board.swift */,
				FD7BEE19F8997253C218BD09 /* BoardMode.swift */,
				2BFDA097BF42D7F1CC4C4628 /* BoardStage.swift */,
				534A2683763C8D5B10801761 /* BoardStageInvariants.swift */,
				FE9BC600B91832BB75052267 /* BoardStagePreset.swift */,
				1A252EFE86DE71106F035018 /* EntityID.swift */,
				995F1044F0772E828405B0BD /* Project.swift */,
				7CB3C518939325080B754953 /* Task.swift */,
				567E21F0EAEB706F57315573 /* Workspace.swift */,
				A02461D8A46A2E6338E30355 /* BoardRecord.swift */,
				B6AC8F510301245C5BDEA468 /* BoardStagePresetRecord.swift */,
				4FE841CFD6BE8229303825A5 /* BoardStageRecord.swift */,
				9D4C700DAD9688B398E801A6 /* LocalStoreContract.swift */,
				77D778FC09A56663E256C1A1 /* LocalWritePathContract.swift */,
				4D1246EF0E89A380C122142D /* PersistenceRecord.swift */,
				0AF67DE6544DD5E20FBEB0E7 /* ProjectRecord.swift */,
				F299A52C490F9F3E6CAEF991 /* TaskRecord.swift */,
				2A79F24CB00F368A15B0AAB2 /* BoardListItemProjection.swift */,
				62C7DC15699D363E11B155DD /* KanbanColumnProjection.swift */,
				DB30B579DB3992A0A2DBBED1 /* ProjectListItemProjection.swift */,
				818F0052A3ACCF31B6F654F8 /* TaskDetailProjection.swift */,
				BBE950DF6F79E495F1C4EB64 /* TaskListItemProjection.swift */,
				F37AC22D1BA7712228697883 /* AppRoute.swift */,
				B0EF790610ADA2D2A3CFA8EF /* OfflineLocalBoardWorker.swift */,
				C6907FA73A59C6252F240586 /* OfflineLocalStore.swift */,
				569E1BBB3123EE7A9ECC37F6 /* OfflineProjectDataWorker.swift */,
				17B577F79A507180F09A1982 /* OfflineTaskWorker.swift */,
				E65E7D59778BA58C8AF565E7 /* RootView.swift */,
				BEB4408D408AF9C42442E5D6 /* OnlineBoardUnavailableReason.swift */,
				E9B649A33DE66FC274A66071 /* AppEnvironment.swift */,
				A7BE34361E429D5706E26F43 /* AppShell.swift */,
				94731D5EECE3DE25FC38581D /* AltisMacOSTests.swift */,
				9857638A9AF59779D4ABA1D5 /* PersistenceRecordTests.swift */,
				0693B88A9A7DE751F6D70082 /* Assets.xcassets */,
				237C090F9D15463CE3370A66 /* altis_logo_placeholder_dark.png */,
				5619EC507265B1FAB3E3EFD8 /* altis_logo_placeholder_dark.svg */,
				AC4D962B5971815F85F8E2E4 /* altis_logo_placeholder_light.png */,
				1007C24494F0E0F6BB74FCEE /* altis_logo_placeholder_light.svg */,
				33CBE0A3982F24E0A7361975 /* Docs */,
				A1AA06D21BEB7C7330DCFE3B /* Base.xcconfig */,
				BA039F49EDDA56F6AED644C8 /* Release.xcconfig */,
				FC145DA0A7B351F7A3217519 /* Debug.xcconfig */,
			);
			sourceTree = "<group>";
		};
		4D88457CCEFBAFB4007959B1 /* Products */ = {
			isa = PBXGroup;
			children = (
				9A657BBF734218B3575D2E62 /* Altis.app */,
				4F1E9BAE46A9889F21BE723F /* Altis.xctest */,
			);
			name = Products;
			sourceTree = "<group>";
		};
		53292950A859063CD86FA793 /* OS X */ = {
			isa = PBXGroup;
			children = (
				1450D008E2F66BC3D72999C6 /* Cocoa.framework */,
			);
			name = "OS X";
			sourceTree = "<group>";
		};
/* End PBXGroup section */

/* Begin PBXNativeTarget section */
		73BABD5A1A93C454268E9971 /* AltisMacOS */ = {
			isa = PBXNativeTarget;
			buildConfigurationList = 227B0E6303DFF114270E772B /* Build configuration list for PBXNativeTarget "AltisMacOS" */;
			buildPhases = (
				BE38720CED0D30BDB5BF0407 /* Sources */,
				B7EBB7E85C1193CA21835057 /* Frameworks */,
				0E73A4145158692E3D72900F /* Resources */,
			);
			buildRules = (
			);
			dependencies = (
			);
			name = AltisMacOS;
			productName = AltisMacOS;
			productReference = 9A657BBF734218B3575D2E62 /* Altis.app */;
			productType = "com.apple.product-type.application";
		};
		EF179366C15B1FB8E40E24CC /* AltisMacOSTests */ = {
			isa = PBXNativeTarget;
			buildConfigurationList = 79F8ACE6CCEFA3886C364A15 /* Build configuration list for PBXNativeTarget "AltisMacOSTests" */;
			buildPhases = (
				7DFF1E660F3250E9AB8AA278 /* Sources */,
				67587BC7DD6803BE8CAAF3EA /* Frameworks */,
				113E148CC83EC317A7A7E4E0 /* Resources */,
			);
			buildRules = (
			);
			dependencies = (
				6F2D1EF794E72AD8E38A14F3 /* PBXTargetDependency */,
			);
			name = AltisMacOSTests;
			productName = AltisMacOSTests;
			productReference = 4F1E9BAE46A9889F21BE723F /* Altis.xctest */;
			productType = "com.apple.product-type.bundle.unit-test";
		};
/* End PBXNativeTarget section */

/* Begin PBXProject section */
		6D3C4AC431EB2F7CEA889FBB /* Project object */ = {
			isa = PBXProject;
			attributes = {
				LastSwiftUpdateCheck = 1600;
				LastUpgradeCheck = 1600;
				TargetAttributes = {
					73BABD5A1A93C454268E9971 = {
						DevelopmentTeam = M5D44V6354;
						ProvisioningStyle = Automatic;
					};
					EF179366C15B1FB8E40E24CC = {
						DevelopmentTeam = M5D44V6354;
					};
				};
			};
			buildConfigurationList = 5C9A2127D78973AE8E01B437 /* Build configuration list for PBXProject "AltisMacOS" */;
			compatibilityVersion = "Xcode 3.2";
			developmentRegion = en;
			hasScannedForEncodings = 0;
			knownRegions = (
				en,
				Base,
			);
			mainGroup = 3B6AA207F5A36A42AB456E8D;
			productRefGroup = 4D88457CCEFBAFB4007959B1 /* Products */;
			projectDirPath = "";
			projectRoot = "";
			targets = (
				73BABD5A1A93C454268E9971 /* AltisMacOS */,
				EF179366C15B1FB8E40E24CC /* AltisMacOSTests */,
			);
		};
/* End PBXProject section */

/* Begin PBXResourcesBuildPhase section */
		0E73A4145158692E3D72900F /* Resources */ = {
			isa = PBXResourcesBuildPhase;
			buildActionMask = 2147483647;
			files = (
				AA0A31A7C11DB4474AA0439E /* Assets.xcassets in Resources */,
				C60188B2F1AF15DDB2B12FC9 /* altis_logo_placeholder_dark.png in Resources */,
				4871BBD4A115BA3C4E3F3E4F /* altis_logo_placeholder_dark.svg in Resources */,
				A66676B71CA09A340746053C /* altis_logo_placeholder_light.png in Resources */,
				40EFF104F19C47BE77223EB5 /* altis_logo_placeholder_light.svg in Resources */,
			);
			runOnlyForDeploymentPostprocessing = 0;
		};
		113E148CC83EC317A7A7E4E0 /* Resources */ = {
			isa = PBXResourcesBuildPhase;
			buildActionMask = 2147483647;
			files = (
			);
			runOnlyForDeploymentPostprocessing = 0;
		};
/* End PBXResourcesBuildPhase section */

/* Begin PBXSourcesBuildPhase section */
		7DFF1E660F3250E9AB8AA278 /* Sources */ = {
			isa = PBXSourcesBuildPhase;
			buildActionMask = 2147483647;
			files = (
				88CC0C4C150FAC12B461EA97 /* AltisMacOSTests.swift in Sources */,
				E5EBD4561156799BD60F1300 /* PersistenceRecordTests.swift in Sources */,
			);
			runOnlyForDeploymentPostprocessing = 0;
		};
		BE38720CED0D30BDB5BF0407 /* Sources */ = {
			isa = PBXSourcesBuildPhase;
			buildActionMask = 2147483647;
			files = (
				389E5A3C71D3EEF7C8571DAA /* AltisMacOSApp.swift in Sources */,
				550485A20873F691523A5738 /* BoardPageView.swift in Sources */,
				34FB82E37C2173F2F39F50F1 /* BoardFeatureEvent.swift in Sources */,
				E2856C826ECC80292A110F8A /* BoardFeatureFlow.swift in Sources */,
				CFE403034B8648486C96FC5D /* BoardFeatureState.swift in Sources */,
				2E1915BEE28F6FAC1539BBEC /* OfflineBoardDataWorker.swift in Sources */,
				880051EE87843BB546BABA95 /* HomePageView.swift in Sources */,
				1404C3507FCA6A8AE777D4A5 /* HomeFeatureEvent.swift in Sources */,
				59A84E56D9E9F7C8D92BD841 /* HomeFeatureFlow.swift in Sources */,
				9A326B7CC786D65849BD3E95 /* HomeFeatureState.swift in Sources */,
				EAE87359725467B062CB6261 /* KanbanBoardPageView.swift in Sources */,
				DE4D1BEB6497FFC7D5B79E1A /* KanbanBoardFeatureEvent.swift in Sources */,
				3461A741EAF8AB564EAA5EF8 /* KanbanBoardFeatureFlow.swift in Sources */,
				8C1D7A4076A3799C1E99BF4A /* KanbanBoardFeatureState.swift in Sources */,
				02976A6C4A5637A246355F51 /* OfflineKanbanDataWorker.swift in Sources */,
				84FADEB88642E34C1B52499B /* ProjectPageView.swift in Sources */,
				B9FA066E3084ED909C49188A /* ProjectDataWorker.swift in Sources */,
				60A862C6B7790AB480067033 /* ProjectFeatureEvent.swift in Sources */,
				B7FBB4ED8F30D764143DD014 /* ProjectFeatureFlow.swift in Sources */,
				3E9338B4F7DD81C0B78E0F94 /* ProjectFeatureState.swift in Sources */,
				89637652094D90F2DE84697B /* TaskListPageView.swift in Sources */,
				AE5673B18E8630F3FE3B49C3 /* OfflineTaskListDataWorker.swift in Sources */,
				E45AFB4E5D5D46ED20F059FA /* TaskListFeatureEvent.swift in Sources */,
				AF4431500EC95B35F8D4698E /* TaskListFeatureFlow.swift in Sources */,
				CD298963AD436BAEC354ABFF /* TaskListFeatureState.swift in Sources */,
				A9EB2B1A6E2CB9F3E2B3D79B /* TaskPageView.swift in Sources */,
				ABD04BDD39C02E1BDFD28B00 /* OfflineTaskPageDataWorker.swift in Sources */,
				95E3716EB64095A05ED3415E /* TaskPageFeatureEvent.swift in Sources */,
				3E4E2F6E650FFA423A773D1E /* TaskPageFeatureFlow.swift in Sources */,
				1FAC3A8FEA96CEBCFAC29EED /* TaskPageFeatureState.swift in Sources */,
				2FD33EE2C1919A9B604D7AD3 /* OnlineBoardGatewayContract.swift in Sources */,
				CE793E7EB98D467B19B638A7 /* Board.swift in Sources */,
				BB0BE28687F7FDA2A76A73EC /* BoardMode.swift in Sources */,
				2B402916426394CE2E4474BF /* BoardStage.swift in Sources */,
				FF189B4B5116CD7EAF8AAD3E /* BoardStageInvariants.swift in Sources */,
				84F568D8B0EDF1F3DAB6DF3B /* BoardStagePreset.swift in Sources */,
				322793FE25BC71DB5F03176F /* EntityID.swift in Sources */,
				9AD61D4F8B65DE15802CBEB8 /* Project.swift in Sources */,
				34A0727EAC7DBF3247730D61 /* Task.swift in Sources */,
				91CA781184087F000A2E646E /* Workspace.swift in Sources */,
				FF9D601697795397E82D50BE /* BoardRecord.swift in Sources */,
				EA2A4D6282FD18BE5AD3FDD2 /* BoardStagePresetRecord.swift in Sources */,
				22E60EDD3CDC3B3E7865F4A9 /* BoardStageRecord.swift in Sources */,
				461A97153FCA2F15107B0503 /* LocalStoreContract.swift in Sources */,
				6CBEAEE45A480267B42D59FF /* LocalWritePathContract.swift in Sources */,
				FBC5CD07BFE37B46E15EF0B7 /* PersistenceRecord.swift in Sources */,
				0D7337AD8309688198AA6826 /* ProjectRecord.swift in Sources */,
				9164F05A99C26729DDFC9951 /* TaskRecord.swift in Sources */,
				668EBEC2A9B2144CB465DD52 /* BoardListItemProjection.swift in Sources */,
				E70ACEF9A816BD3E51220C14 /* KanbanColumnProjection.swift in Sources */,
				2EAB014E5526CE65335B32AA /* ProjectListItemProjection.swift in Sources */,
				9858B7459B396F663470DC6D /* TaskDetailProjection.swift in Sources */,
				E6EB057E22FDF88FB4E97DDD /* TaskListItemProjection.swift in Sources */,
				19A6F08442E46BDB108D81A6 /* AppRoute.swift in Sources */,
				807A90B9B6265F5251DB2670 /* OfflineLocalBoardWorker.swift in Sources */,
				F43C161D716BFF960E64BA9D /* OfflineLocalStore.swift in Sources */,
				58F784884A09C09E7B3AA653 /* OfflineProjectDataWorker.swift in Sources */,
				1D63F11911C6488E41B0682A /* OfflineTaskWorker.swift in Sources */,
				E9A35CC98F5E43ED5DD5D62A /* RootView.swift in Sources */,
				FB9C9AFDF2AC1DAB4A09FC77 /* OnlineBoardUnavailableReason.swift in Sources */,
				BC0D28743B4661B72C07889E /* AppEnvironment.swift in Sources */,
				EC4498272484D277F597AF8F /* AppShell.swift in Sources */,
			);
			runOnlyForDeploymentPostprocessing = 0;
		};
/* End PBXSourcesBuildPhase section */

/* Begin PBXTargetDependency section */
		6F2D1EF794E72AD8E38A14F3 /* PBXTargetDependency */ = {
			isa = PBXTargetDependency;
			name = AltisMacOS;
			target = 73BABD5A1A93C454268E9971 /* AltisMacOS */;
			targetProxy = 400EE760881F986F4E5B979E /* PBXContainerItemProxy */;
		};
/* End PBXTargetDependency section */

/* Begin XCBuildConfiguration section */
		03C574475998A19C9B52147B /* Release */ = {
			isa = XCBuildConfiguration;
			baseConfigurationReference = BA039F49EDDA56F6AED644C8 /* Release.xcconfig */;
			buildSettings = {
				ASSETCATALOG_COMPILER_APPICON_NAME = AppIcon;
				ASSETCATALOG_COMPILER_GLOBAL_ACCENT_COLOR_NAME = AccentColor;
				BUNDLE_LOADER = "$(TEST_HOST)";
				"CODE_SIGN_IDENTITY[sdk=macosx*]" = "3rd Party Mac Developer Application";
				"DEVELOPMENT_TEAM[sdk=macosx*]" = M5D44V6354;
				GENERATE_INFOPLIST_FILE = YES;
				INFOPLIST_KEY_CFBundleDisplayName = "Altis macOS";
				MACOSX_DEPLOYMENT_TARGET = 15.0;
				PRODUCT_BUNDLE_IDENTIFIER = com.altis.instat;
				"PROVISIONING_PROFILE_SPECIFIER[sdk=macosx*]" = macosDev;
				SDKROOT = macosx;
				SWIFT_VERSION = 6.0;
				TEST_HOST = "$(BUILT_PRODUCTS_DIR)/AltisMacOS.app/Contents/MacOS/AltisMacOS";
			};
			name = Release;
		};
		24FE4FBCBF56FE8D4A9B2AA4 /* Debug */ = {
			isa = XCBuildConfiguration;
			baseConfigurationReference = FC145DA0A7B351F7A3217519 /* Debug.xcconfig */;
			buildSettings = {
				ASSETCATALOG_COMPILER_APPICON_NAME = AppIcon;
				ASSETCATALOG_COMPILER_GLOBAL_ACCENT_COLOR_NAME = AccentColor;
				BUNDLE_LOADER = "$(TEST_HOST)";
				"CODE_SIGN_IDENTITY[sdk=macosx*]" = "3rd Party Mac Developer Application";
				"DEVELOPMENT_TEAM[sdk=macosx*]" = M5D44V6354;
				GENERATE_INFOPLIST_FILE = YES;
				INFOPLIST_KEY_CFBundleDisplayName = "Altis macOS";
				MACOSX_DEPLOYMENT_TARGET = 15.0;
				PRODUCT_BUNDLE_IDENTIFIER = com.altis.instat;
				"PROVISIONING_PROFILE_SPECIFIER[sdk=macosx*]" = macosDev;
				SDKROOT = macosx;
				SWIFT_VERSION = 6.0;
				TEST_HOST = "$(BUILT_PRODUCTS_DIR)/AltisMacOS.app/Contents/MacOS/AltisMacOS";
			};
			name = Debug;
		};
		BCDAFF158AAE4153E36EDEC9 /* Debug */ = {
			isa = XCBuildConfiguration;
			baseConfigurationReference = A1AA06D21BEB7C7330DCFE3B /* Base.xcconfig */;
			buildSettings = {
				ALWAYS_SEARCH_USER_PATHS = NO;
				CLANG_ANALYZER_NONNULL = YES;
				CLANG_ANALYZER_NUMBER_OBJECT_CONVERSION = YES_AGGRESSIVE;
				CLANG_CXX_LANGUAGE_STANDARD = "gnu++14";
				CLANG_CXX_LIBRARY = "libc++";
				CLANG_ENABLE_MODULES = YES;
				CLANG_ENABLE_OBJC_ARC = YES;
				CLANG_ENABLE_OBJC_WEAK = YES;
				CLANG_WARN_BLOCK_CAPTURE_AUTORELEASING = YES;
				CLANG_WARN_BOOL_CONVERSION = YES;
				CLANG_WARN_COMMA = YES;
				CLANG_WARN_CONSTANT_CONVERSION = YES;
				CLANG_WARN_DEPRECATED_OBJC_IMPLEMENTATIONS = YES;
				CLANG_WARN_DIRECT_OBJC_ISA_USAGE = YES_ERROR;
				CLANG_WARN_DOCUMENTATION_COMMENTS = YES;
				CLANG_WARN_EMPTY_BODY = YES;
				CLANG_WARN_ENUM_CONVERSION = YES;
				CLANG_WARN_INFINITE_RECURSION = YES;
				CLANG_WARN_INT_CONVERSION = YES;
				CLANG_WARN_NON_LITERAL_NULL_CONVERSION = YES;
				CLANG_WARN_OBJC_IMPLICIT_RETAIN_SELF = YES;
				CLANG_WARN_OBJC_LITERAL_CONVERSION = YES;
				CLANG_WARN_OBJC_ROOT_CLASS = YES_ERROR;
				CLANG_WARN_QUOTED_INCLUDE_IN_FRAMEWORK_HEADER = YES;
				CLANG_WARN_RANGE_LOOP_ANALYSIS = YES;
				CLANG_WARN_STRICT_PROTOTYPES = YES;
				CLANG_WARN_SUSPICIOUS_MOVE = YES;
				CLANG_WARN_UNGUARDED_AVAILABILITY = YES_AGGRESSIVE;
				CLANG_WARN_UNREACHABLE_CODE = YES;
				CLANG_WARN__DUPLICATE_METHOD_MATCH = YES;
				COPY_PHASE_STRIP = NO;
				DEBUG_INFORMATION_FORMAT = dwarf;
				ENABLE_STRICT_OBJC_MSGSEND = YES;
				ENABLE_TESTABILITY = YES;
				GCC_C_LANGUAGE_STANDARD = gnu11;
				GCC_DYNAMIC_NO_PIC = NO;
				GCC_NO_COMMON_BLOCKS = YES;
				GCC_OPTIMIZATION_LEVEL = 0;
				GCC_PREPROCESSOR_DEFINITIONS = (
					"DEBUG=1",
					"$(inherited)",
				);
				GCC_WARN_64_TO_32_BIT_CONVERSION = YES;
				GCC_WARN_ABOUT_RETURN_TYPE = YES_ERROR;
				GCC_WARN_UNDECLARED_SELECTOR = YES;
				GCC_WARN_UNINITIALIZED_AUTOS = YES_AGGRESSIVE;
				GCC_WARN_UNUSED_FUNCTION = YES;
				GCC_WARN_UNUSED_VARIABLE = YES;
				MTL_ENABLE_DEBUG_INFO = INCLUDE_SOURCE;
				MTL_FAST_MATH = YES;
				ONLY_ACTIVE_ARCH = YES;
				PRODUCT_NAME = "$(TARGET_NAME)";
				SWIFT_ACTIVE_COMPILATION_CONDITIONS = DEBUG;
				SWIFT_OPTIMIZATION_LEVEL = "-Onone";
				SWIFT_VERSION = 5.0;
			};
			name = Debug;
		};
		C2D1360CD0624ED915830EA1 /* Debug */ = {
			isa = XCBuildConfiguration;
			baseConfigurationReference = FC145DA0A7B351F7A3217519 /* Debug.xcconfig */;
			buildSettings = {
				ASSETCATALOG_COMPILER_APPICON_NAME = AppIcon;
				ASSETCATALOG_COMPILER_GLOBAL_ACCENT_COLOR_NAME = AccentColor;
				CODE_SIGN_IDENTITY = "Apple Development";
				CODE_SIGN_STYLE = Automatic;
				COMBINE_HIDPI_IMAGES = YES;
				DEVELOPMENT_TEAM = M5D44V6354;
				ENABLE_APP_SANDBOX = YES;
				ENABLE_INCOMING_NETWORK_CONNECTIONS = YES;
				ENABLE_OUTGOING_NETWORK_CONNECTIONS = YES;
				ENABLE_RESOURCE_ACCESS_AUDIO_INPUT = NO;
				ENABLE_RESOURCE_ACCESS_BLUETOOTH = NO;
				ENABLE_RESOURCE_ACCESS_CALENDARS = NO;
				ENABLE_RESOURCE_ACCESS_CAMERA = NO;
				ENABLE_RESOURCE_ACCESS_CONTACTS = NO;
				ENABLE_RESOURCE_ACCESS_LOCATION = NO;
				ENABLE_RESOURCE_ACCESS_PRINTING = NO;
				ENABLE_RESOURCE_ACCESS_USB = NO;
				GENERATE_INFOPLIST_FILE = YES;
				INFOPLIST_KEY_CFBundleDisplayName = "Altis macOS";
				INFOPLIST_KEY_LSApplicationCategoryType = "public.app-category.utilities";
				LD_RUNPATH_SEARCH_PATHS = "$(inherited) @executable_path/../Frameworks";
				MACOSX_DEPLOYMENT_TARGET = 15.0;
				PRODUCT_BUNDLE_IDENTIFIER = com.altis.instat;
				PROVISIONING_PROFILE_SPECIFIER = "";
				SDKROOT = macosx;
				SWIFT_VERSION = 6.0;
			};
			name = Debug;
		};
		C52BD1BC7EEC72D221AFB3B8 /* Release */ = {
			isa = XCBuildConfiguration;
			baseConfigurationReference = A1AA06D21BEB7C7330DCFE3B /* Base.xcconfig */;
			buildSettings = {
				ALWAYS_SEARCH_USER_PATHS = NO;
				CLANG_ANALYZER_NONNULL = YES;
				CLANG_ANALYZER_NUMBER_OBJECT_CONVERSION = YES_AGGRESSIVE;
				CLANG_CXX_LANGUAGE_STANDARD = "gnu++14";
				CLANG_CXX_LIBRARY = "libc++";
				CLANG_ENABLE_MODULES = YES;
				CLANG_ENABLE_OBJC_ARC = YES;
				CLANG_ENABLE_OBJC_WEAK = YES;
				CLANG_WARN_BLOCK_CAPTURE_AUTORELEASING = YES;
				CLANG_WARN_BOOL_CONVERSION = YES;
				CLANG_WARN_COMMA = YES;
				CLANG_WARN_CONSTANT_CONVERSION = YES;
				CLANG_WARN_DEPRECATED_OBJC_IMPLEMENTATIONS = YES;
				CLANG_WARN_DIRECT_OBJC_ISA_USAGE = YES_ERROR;
				CLANG_WARN_DOCUMENTATION_COMMENTS = YES;
				CLANG_WARN_EMPTY_BODY = YES;
				CLANG_WARN_ENUM_CONVERSION = YES;
				CLANG_WARN_INFINITE_RECURSION = YES;
				CLANG_WARN_INT_CONVERSION = YES;
				CLANG_WARN_NON_LITERAL_NULL_CONVERSION = YES;
				CLANG_WARN_OBJC_IMPLICIT_RETAIN_SELF = YES;
				CLANG_WARN_OBJC_LITERAL_CONVERSION = YES;
				CLANG_WARN_OBJC_ROOT_CLASS = YES_ERROR;
				CLANG_WARN_QUOTED_INCLUDE_IN_FRAMEWORK_HEADER = YES;
				CLANG_WARN_RANGE_LOOP_ANALYSIS = YES;
				CLANG_WARN_STRICT_PROTOTYPES = YES;
				CLANG_WARN_SUSPICIOUS_MOVE = YES;
				CLANG_WARN_UNGUARDED_AVAILABILITY = YES_AGGRESSIVE;
				CLANG_WARN_UNREACHABLE_CODE = YES;
				CLANG_WARN__DUPLICATE_METHOD_MATCH = YES;
				COPY_PHASE_STRIP = NO;
				DEBUG_INFORMATION_FORMAT = "dwarf-with-dsym";
				ENABLE_NS_ASSERTIONS = NO;
				ENABLE_STRICT_OBJC_MSGSEND = YES;
				GCC_C_LANGUAGE_STANDARD = gnu11;
				GCC_NO_COMMON_BLOCKS = YES;
				GCC_WARN_64_TO_32_BIT_CONVERSION = YES;
				GCC_WARN_ABOUT_RETURN_TYPE = YES_ERROR;
				GCC_WARN_UNDECLARED_SELECTOR = YES;
				GCC_WARN_UNINITIALIZED_AUTOS = YES_AGGRESSIVE;
				GCC_WARN_UNUSED_FUNCTION = YES;
				GCC_WARN_UNUSED_VARIABLE = YES;
				MTL_ENABLE_DEBUG_INFO = NO;
				MTL_FAST_MATH = YES;
				PRODUCT_NAME = "$(TARGET_NAME)";
				SWIFT_OPTIMIZATION_LEVEL = "-Owholemodule";
				SWIFT_VERSION = 5.0;
			};
			name = Release;
		};
		CC932AEA1ECF1CB5049D729E /* Release */ = {
			isa = XCBuildConfiguration;
			baseConfigurationReference = BA039F49EDDA56F6AED644C8 /* Release.xcconfig */;
			buildSettings = {
				ASSETCATALOG_COMPILER_APPICON_NAME = AppIcon;
				ASSETCATALOG_COMPILER_GLOBAL_ACCENT_COLOR_NAME = AccentColor;
				CODE_SIGN_IDENTITY = "Apple Development";
				CODE_SIGN_STYLE = Automatic;
				COMBINE_HIDPI_IMAGES = YES;
				DEVELOPMENT_TEAM = M5D44V6354;
				ENABLE_APP_SANDBOX = YES;
				ENABLE_INCOMING_NETWORK_CONNECTIONS = YES;
				ENABLE_OUTGOING_NETWORK_CONNECTIONS = YES;
				ENABLE_RESOURCE_ACCESS_AUDIO_INPUT = NO;
				ENABLE_RESOURCE_ACCESS_BLUETOOTH = NO;
				ENABLE_RESOURCE_ACCESS_CALENDARS = NO;
				ENABLE_RESOURCE_ACCESS_CAMERA = NO;
				ENABLE_RESOURCE_ACCESS_CONTACTS = NO;
				ENABLE_RESOURCE_ACCESS_LOCATION = NO;
				ENABLE_RESOURCE_ACCESS_PRINTING = NO;
				ENABLE_RESOURCE_ACCESS_USB = NO;
				GENERATE_INFOPLIST_FILE = YES;
				INFOPLIST_KEY_CFBundleDisplayName = "Altis macOS";
				INFOPLIST_KEY_LSApplicationCategoryType = "public.app-category.utilities";
				LD_RUNPATH_SEARCH_PATHS = "$(inherited) @executable_path/../Frameworks";
				MACOSX_DEPLOYMENT_TARGET = 15.0;
				PRODUCT_BUNDLE_IDENTIFIER = com.altis.instat;
				PROVISIONING_PROFILE_SPECIFIER = "";
				SDKROOT = macosx;
				SWIFT_VERSION = 6.0;
			};
			name = Release;
		};
/* End XCBuildConfiguration section */

/* Begin XCConfigurationList section */
		227B0E6303DFF114270E772B /* Build configuration list for PBXNativeTarget "AltisMacOS" */ = {
			isa = XCConfigurationList;
			buildConfigurations = (
				CC932AEA1ECF1CB5049D729E /* Release */,
				C2D1360CD0624ED915830EA1 /* Debug */,
			);
			defaultConfigurationIsVisible = 0;
			defaultConfigurationName = Release;
		};
		5C9A2127D78973AE8E01B437 /* Build configuration list for PBXProject "AltisMacOS" */ = {
			isa = XCConfigurationList;
			buildConfigurations = (
				BCDAFF158AAE4153E36EDEC9 /* Debug */,
				C52BD1BC7EEC72D221AFB3B8 /* Release */,
			);
			defaultConfigurationIsVisible = 0;
			defaultConfigurationName = Release;
		};
		79F8ACE6CCEFA3886C364A15 /* Build configuration list for PBXNativeTarget "AltisMacOSTests" */ = {
			isa = XCConfigurationList;
			buildConfigurations = (
				03C574475998A19C9B52147B /* Release */,
				24FE4FBCBF56FE8D4A9B2AA4 /* Debug */,
			);
			defaultConfigurationIsVisible = 0;
			defaultConfigurationName = Release;
		};
/* End XCConfigurationList section */
	};
	rootObject = 6D3C4AC431EB2F7CEA889FBB /* Project object */;
}
