// !$*UTF8*$!
{
	archiveVersion = 1;
	classes = {
	};
	objectVersion = 46;
	objects = {

/* Begin PBXBuildFile section */
		0F4DB9BECBA12A6A3223681F /* AppRoute.swift in Sources */ = {isa = PBXBuildFile; fileRef = 0E1D4510AAD26CF6DB0427BE /* AppRoute.swift */; };
		15783A2F2356D5CA531C51B8 /* Cocoa.framework in Frameworks */ = {isa = PBXBuildFile; fileRef = 6C10A915EC8B78700F94841D /* Cocoa.framework */; };
		1727A55FE22884D72B57E6C0 /* BoardFeatureState.swift in Sources */ = {isa = PBXBuildFile; fileRef = CC903E4827950842973296FF /* BoardFeatureState.swift */; };
		24789AD5E62B6A642952821F /* RootView.swift in Sources */ = {isa = PBXBuildFile; fileRef = 009753DFF96FAF283F791733 /* RootView.swift */; };
		273C6DC68224E6FE37AEF386 /* AltisMacOSApp.swift in Sources */ = {isa = PBXBuildFile; fileRef = 0D6D99E89116EF7C32885B34 /* AltisMacOSApp.swift */; };
		29CF5D9B71166AF2A34087EF /* KanbanBoardPageView.swift in Sources */ = {isa = PBXBuildFile; fileRef = 3CC8F6E7BA4F2F67123CAC00 /* KanbanBoardPageView.swift */; };
		2E9C63CDAB47FEE2003AA095 /* ProjectPageView.swift in Sources */ = {isa = PBXBuildFile; fileRef = 9B0BA2E52DAC3DEA4F88B452 /* ProjectPageView.swift */; };
		44F316FEC52F9E1B55829ECB /* TaskListFeatureState.swift in Sources */ = {isa = PBXBuildFile; fileRef = 9F6786FD441C6F5530A6D341 /* TaskListFeatureState.swift */; };
		454070CCA28356311D94995A /* AppShell.swift in Sources */ = {isa = PBXBuildFile; fileRef = 87DB719A28AC7DEFB229F10B /* AppShell.swift */; };
		520EF04D77DF2917496CC53A /* TaskPageFeatureState.swift in Sources */ = {isa = PBXBuildFile; fileRef = C81BC3A8BFEA6B6369DADA13 /* TaskPageFeatureState.swift */; };
		56AE6E8CE1C6B8FDA1AFBFAB /* TaskListPageView.swift in Sources */ = {isa = PBXBuildFile; fileRef = D70DD97BFDE43BC1DEB5EDB5 /* TaskListPageView.swift */; };
		57811DEFB6D5AD26A864350D /* AltisMacOSTests.swift in Sources */ = {isa = PBXBuildFile; fileRef = 6772B1810F8EFE6014D9CAD9 /* AltisMacOSTests.swift */; };
		69E81EEDC9449B7F3CF93A86 /* Cocoa.framework in Frameworks */ = {isa = PBXBuildFile; fileRef = 6C10A915EC8B78700F94841D /* Cocoa.framework */; };
		6E88F0153003105FB189507C /* BoardPageView.swift in Sources */ = {isa = PBXBuildFile; fileRef = 999AE2D9BA9FE56362D93067 /* BoardPageView.swift */; };
		AF1927FB2F705268004558EB /* EntityID.swift in Sources */ = {isa = PBXBuildFile; fileRef = AF1927FA2F705268004558EB /* EntityID.swift */; };
		AF1927FD2F705283004558EB /* SyncMetadata.swift in Sources */ = {isa = PBXBuildFile; fileRef = AF1927FC2F705283004558EB /* SyncMetadata.swift */; };
		AF1927FF2F705298004558EB /* Workspace.swift in Sources */ = {isa = PBXBuildFile; fileRef = AF1927FE2F705298004558EB /* Workspace.swift */; };
		AF1928012F705298004558EB /* Project.swift in Sources */ = {isa = PBXBuildFile; fileRef = AF1928002F705298004558EB /* Project.swift */; };
		AF1928032F705299004558EB /* Board.swift in Sources */ = {isa = PBXBuildFile; fileRef = AF1928022F705299004558EB /* Board.swift */; };
		AF1928052F7052BC004558EB /* BoardStage.swift in Sources */ = {isa = PBXBuildFile; fileRef = AF1928042F7052BC004558EB /* BoardStage.swift */; };
		AF1928072F7052BD004558EB /* BoardStagePreset.swift in Sources */ = {isa = PBXBuildFile; fileRef = AF1928062F7052BD004558EB /* BoardStagePreset.swift */; };
		AF1928092F7052BE004558EB /* Task.swift in Sources */ = {isa = PBXBuildFile; fileRef = AF1928082F7052BE004558EB /* Task.swift */; };
		AF19280B2F7052D6004558EB /* BoardStageInvariants.swift in Sources */ = {isa = PBXBuildFile; fileRef = AF19280A2F7052D6004558EB /* BoardStageInvariants.swift */; };
		B60D55D07D4FF89C58C613F7 /* ProjectFeatureState.swift in Sources */ = {isa = PBXBuildFile; fileRef = 9CC987C75810068A2AF00082 /* ProjectFeatureState.swift */; };
		C6509B74CFEA81063E331636 /* HomePageView.swift in Sources */ = {isa = PBXBuildFile; fileRef = 2D2CD785CA6B557085DD3209 /* HomePageView.swift */; };
		E157B8C0C0CEDC007C80FF6D /* KanbanBoardFeatureState.swift in Sources */ = {isa = PBXBuildFile; fileRef = 4416B54CDDBB352113A1EC07 /* KanbanBoardFeatureState.swift */; };
		EB01AB5442118A6732B6E7D5 /* TaskPageView.swift in Sources */ = {isa = PBXBuildFile; fileRef = 18F58EC954A3A4214F07A7EA /* TaskPageView.swift */; };
		FF5FF22D2272B579F0F1853E /* HomeFeatureState.swift in Sources */ = {isa = PBXBuildFile; fileRef = D967340833E3367BDDE707C8 /* HomeFeatureState.swift */; };
/* End PBXBuildFile section */

/* Begin PBXContainerItemProxy section */
		0284CAC84FC36A46CFDA4FB4 /* PBXContainerItemProxy */ = {
			isa = PBXContainerItemProxy;
			containerPortal = 8F357C5BAC7E08671616333A /* Project object */;
			proxyType = 1;
			remoteGlobalIDString = 46EC88EAD15DB7984CE39851;
			remoteInfo = AltisMacOS;
		};
/* End PBXContainerItemProxy section */

/* Begin PBXFileReference section */
		009753DFF96FAF283F791733 /* RootView.swift */ = {isa = PBXFileReference; includeInIndex = 1; lastKnownFileType = sourcecode.swift; name = RootView.swift; path = App/RootView.swift; sourceTree = "<group>"; };
		0D6D99E89116EF7C32885B34 /* AltisMacOSApp.swift */ = {isa = PBXFileReference; includeInIndex = 1; lastKnownFileType = sourcecode.swift; name = AltisMacOSApp.swift; path = App/AltisMacOSApp.swift; sourceTree = "<group>"; };
		0E1D4510AAD26CF6DB0427BE /* AppRoute.swift */ = {isa = PBXFileReference; includeInIndex = 1; lastKnownFileType = sourcecode.swift; path = AppRoute.swift; sourceTree = "<group>"; };
		18F58EC954A3A4214F07A7EA /* TaskPageView.swift */ = {isa = PBXFileReference; includeInIndex = 1; lastKnownFileType = sourcecode.swift; path = TaskPageView.swift; sourceTree = "<group>"; };
		2D2CD785CA6B557085DD3209 /* HomePageView.swift */ = {isa = PBXFileReference; includeInIndex = 1; lastKnownFileType = sourcecode.swift; path = HomePageView.swift; sourceTree = "<group>"; };
		3CC8F6E7BA4F2F67123CAC00 /* KanbanBoardPageView.swift */ = {isa = PBXFileReference; includeInIndex = 1; lastKnownFileType = sourcecode.swift; path = KanbanBoardPageView.swift; sourceTree = "<group>"; };
		4416B54CDDBB352113A1EC07 /* KanbanBoardFeatureState.swift */ = {isa = PBXFileReference; includeInIndex = 1; lastKnownFileType = sourcecode.swift; path = KanbanBoardFeatureState.swift; sourceTree = "<group>"; };
		58EAF51483D6191D8DDCBB6C /* Altis macOS.xctest */ = {isa = PBXFileReference; explicitFileType = wrapper.cfbundle; includeInIndex = 0; path = "Altis macOS.xctest"; sourceTree = BUILT_PRODUCTS_DIR; };
		5DDFD8F45F6A56BF07943D4D /* Release.xcconfig */ = {isa = PBXFileReference; includeInIndex = 1; lastKnownFileType = text.xcconfig; name = Release.xcconfig; path = Config/Release.xcconfig; sourceTree = "<group>"; };
		6772B1810F8EFE6014D9CAD9 /* AltisMacOSTests.swift */ = {isa = PBXFileReference; includeInIndex = 1; lastKnownFileType = sourcecode.swift; name = AltisMacOSTests.swift; path = Tests/AltisMacOSTests.swift; sourceTree = "<group>"; };
		687AF830925F835E854E0BF3 /* Debug.xcconfig */ = {isa = PBXFileReference; includeInIndex = 1; lastKnownFileType = text.xcconfig; name = Debug.xcconfig; path = Config/Debug.xcconfig; sourceTree = "<group>"; };
		6C10A915EC8B78700F94841D /* Cocoa.framework */ = {isa = PBXFileReference; lastKnownFileType = wrapper.framework; name = Cocoa.framework; path = Platforms/MacOSX.platform/Developer/SDKs/MacOSX15.0.sdk/System/Library/Frameworks/Cocoa.framework; sourceTree = DEVELOPER_DIR; };
		87DB719A28AC7DEFB229F10B /* AppShell.swift */ = {isa = PBXFileReference; includeInIndex = 1; lastKnownFileType = sourcecode.swift; path = AppShell.swift; sourceTree = "<group>"; };
		8DEC202A1A09109E913FEEFA /* Altis macOS.app */ = {isa = PBXFileReference; explicitFileType = wrapper.application; includeInIndex = 0; path = "Altis macOS.app"; sourceTree = BUILT_PRODUCTS_DIR; };
		999AE2D9BA9FE56362D93067 /* BoardPageView.swift */ = {isa = PBXFileReference; includeInIndex = 1; lastKnownFileType = sourcecode.swift; path = BoardPageView.swift; sourceTree = "<group>"; };
		9B0BA2E52DAC3DEA4F88B452 /* ProjectPageView.swift */ = {isa = PBXFileReference; includeInIndex = 1; lastKnownFileType = sourcecode.swift; path = ProjectPageView.swift; sourceTree = "<group>"; };
		9CC987C75810068A2AF00082 /* ProjectFeatureState.swift */ = {isa = PBXFileReference; includeInIndex = 1; lastKnownFileType = sourcecode.swift; path = ProjectFeatureState.swift; sourceTree = "<group>"; };
		9F6786FD441C6F5530A6D341 /* TaskListFeatureState.swift */ = {isa = PBXFileReference; includeInIndex = 1; lastKnownFileType = sourcecode.swift; path = TaskListFeatureState.swift; sourceTree = "<group>"; };
		AF1927FA2F705268004558EB /* EntityID.swift */ = {isa = PBXFileReference; lastKnownFileType = sourcecode.swift; path = EntityID.swift; sourceTree = "<group>"; };
		AF1927FC2F705283004558EB /* SyncMetadata.swift */ = {isa = PBXFileReference; lastKnownFileType = sourcecode.swift; path = SyncMetadata.swift; sourceTree = "<group>"; };
		AF1927FE2F705298004558EB /* Workspace.swift */ = {isa = PBXFileReference; lastKnownFileType = sourcecode.swift; path = Workspace.swift; sourceTree = "<group>"; };
		AF1928002F705298004558EB /* Project.swift */ = {isa = PBXFileReference; lastKnownFileType = sourcecode.swift; path = Project.swift; sourceTree = "<group>"; };
		AF1928022F705299004558EB /* Board.swift */ = {isa = PBXFileReference; lastKnownFileType = sourcecode.swift; path = Board.swift; sourceTree = "<group>"; };
		AF1928042F7052BC004558EB /* BoardStage.swift */ = {isa = PBXFileReference; lastKnownFileType = sourcecode.swift; path = BoardStage.swift; sourceTree = "<group>"; };
		AF1928062F7052BD004558EB /* BoardStagePreset.swift */ = {isa = PBXFileReference; lastKnownFileType = sourcecode.swift; path = BoardStagePreset.swift; sourceTree = "<group>"; };
		AF1928082F7052BE004558EB /* Task.swift */ = {isa = PBXFileReference; lastKnownFileType = sourcecode.swift; path = Task.swift; sourceTree = "<group>"; };
		AF19280A2F7052D6004558EB /* BoardStageInvariants.swift */ = {isa = PBXFileReference; lastKnownFileType = sourcecode.swift; path = BoardStageInvariants.swift; sourceTree = "<group>"; };
		C44E51198C46F082AAE86750 /* MACOS_MVP_TASK_BREAKDOWN.md */ = {isa = PBXFileReference; includeInIndex = 1; lastKnownFileType = net.daringfireball.markdown; path = MACOS_MVP_TASK_BREAKDOWN.md; sourceTree = "<group>"; };
		C81BC3A8BFEA6B6369DADA13 /* TaskPageFeatureState.swift */ = {isa = PBXFileReference; includeInIndex = 1; lastKnownFileType = sourcecode.swift; path = TaskPageFeatureState.swift; sourceTree = "<group>"; };
		CC903E4827950842973296FF /* BoardFeatureState.swift */ = {isa = PBXFileReference; includeInIndex = 1; lastKnownFileType = sourcecode.swift; path = BoardFeatureState.swift; sourceTree = "<group>"; };
		D70DD97BFDE43BC1DEB5EDB5 /* TaskListPageView.swift */ = {isa = PBXFileReference; includeInIndex = 1; lastKnownFileType = sourcecode.swift; path = TaskListPageView.swift; sourceTree = "<group>"; };
		D967340833E3367BDDE707C8 /* HomeFeatureState.swift */ = {isa = PBXFileReference; includeInIndex = 1; lastKnownFileType = sourcecode.swift; path = HomeFeatureState.swift; sourceTree = "<group>"; };
		F7113E2887FC076C1A652F1E /* Base.xcconfig */ = {isa = PBXFileReference; includeInIndex = 1; lastKnownFileType = text.xcconfig; name = Base.xcconfig; path = Config/Base.xcconfig; sourceTree = "<group>"; };
/* End PBXFileReference section */

/* Begin PBXFrameworksBuildPhase section */
		14029AE8F7CF1209B3134039 /* Frameworks */ = {
			isa = PBXFrameworksBuildPhase;
			buildActionMask = 2147483647;
			files = (
				69E81EEDC9449B7F3CF93A86 /* Cocoa.framework in Frameworks */,
			);
			runOnlyForDeploymentPostprocessing = 0;
		};
		63B24347855C5CC448735E73 /* Frameworks */ = {
			isa = PBXFrameworksBuildPhase;
			buildActionMask = 2147483647;
			files = (
				15783A2F2356D5CA531C51B8 /* Cocoa.framework in Frameworks */,
			);
			runOnlyForDeploymentPostprocessing = 0;
		};
/* End PBXFrameworksBuildPhase section */

/* Begin PBXGroup section */
		0DCF5C00603B13576283D1BE /* State */ = {
			isa = PBXGroup;
			children = (
				C81BC3A8BFEA6B6369DADA13 /* TaskPageFeatureState.swift */,
			);
			path = State;
			sourceTree = "<group>";
		};
		10A65B9357836931365807A1 /* Products */ = {
			isa = PBXGroup;
			children = (
				8DEC202A1A09109E913FEEFA /* Altis macOS.app */,
				58EAF51483D6191D8DDCBB6C /* Altis macOS.xctest */,
			);
			name = Products;
			sourceTree = "<group>";
		};
		2702A6B27C9EE0F193D697DF /* Shell */ = {
			isa = PBXGroup;
			children = (
				87DB719A28AC7DEFB229F10B /* AppShell.swift */,
			);
			path = Shell;
			sourceTree = "<group>";
		};
		292DF1619795B3C977CF145E = {
			isa = PBXGroup;
			children = (
				10A65B9357836931365807A1 /* Products */,
				E9C5559B631AE04C522F3A8B /* Frameworks */,
				0D6D99E89116EF7C32885B34 /* AltisMacOSApp.swift */,
				009753DFF96FAF283F791733 /* RootView.swift */,
				6772B1810F8EFE6014D9CAD9 /* AltisMacOSTests.swift */,
				7A33D821EA5CF66D220493E7 /* Docs */,
				F7113E2887FC076C1A652F1E /* Base.xcconfig */,
				5DDFD8F45F6A56BF07943D4D /* Release.xcconfig */,
				687AF830925F835E854E0BF3 /* Debug.xcconfig */,
				60EEF566E5A61DF93DBB9589 /* App */,
			);
			sourceTree = "<group>";
		};
		2DEA34A1E95ACFEAA5255D58 /* KanbanBoard */ = {
			isa = PBXGroup;
			children = (
				B4F14D0503B5FAD49BDEB1A8 /* Page */,
				C1E5E90A6CA18966DB19D27A /* State */,
			);
			path = KanbanBoard;
			sourceTree = "<group>";
		};
		38B34E8594BD87D0DC2EE3EA /* State */ = {
			isa = PBXGroup;
			children = (
				CC903E4827950842973296FF /* BoardFeatureState.swift */,
			);
			path = State;
			sourceTree = "<group>";
		};
		3F2316EE5C22DFBF219D3D00 /* Navigation */ = {
			isa = PBXGroup;
			children = (
				0E1D4510AAD26CF6DB0427BE /* AppRoute.swift */,
			);
			path = Navigation;
			sourceTree = "<group>";
		};
		4291CFA7E64F61F454E4187C /* Page */ = {
			isa = PBXGroup;
			children = (
				D70DD97BFDE43BC1DEB5EDB5 /* TaskListPageView.swift */,
			);
			path = Page;
			sourceTree = "<group>";
		};
		5111F7E96DBBD54253389298 /* Board */ = {
			isa = PBXGroup;
			children = (
				5CBEECB86B41AE3DE9485B10 /* Page */,
				38B34E8594BD87D0DC2EE3EA /* State */,
			);
			path = Board;
			sourceTree = "<group>";
		};
		5CBEECB86B41AE3DE9485B10 /* Page */ = {
			isa = PBXGroup;
			children = (
				999AE2D9BA9FE56362D93067 /* BoardPageView.swift */,
			);
			path = Page;
			sourceTree = "<group>";
		};
		60EEF566E5A61DF93DBB9589 /* App */ = {
			isa = PBXGroup;
			children = (
				2702A6B27C9EE0F193D697DF /* Shell */,
				3F2316EE5C22DFBF219D3D00 /* Navigation */,
				C6A56C70AC07C59B57EC9309 /* Features */,
				AF1927F82F70525A004558EB /* Models */,
			);
			path = App;
			sourceTree = "<group>";
		};
		7A33D821EA5CF66D220493E7 /* Docs */ = {
			isa = PBXGroup;
			children = (
				C44E51198C46F082AAE86750 /* MACOS_MVP_TASK_BREAKDOWN.md */,
			);
			name = Docs;
			sourceTree = "<group>";
		};
		9075BBD5B043B5F18235D275 /* OS X */ = {
			isa = PBXGroup;
			children = (
				6C10A915EC8B78700F94841D /* Cocoa.framework */,
			);
			name = "OS X";
			sourceTree = "<group>";
		};
		90BD38041A6135239C2F3475 /* Page */ = {
			isa = PBXGroup;
			children = (
				18F58EC954A3A4214F07A7EA /* TaskPageView.swift */,
			);
			path = Page;
			sourceTree = "<group>";
		};
		AF1927F82F70525A004558EB /* Models */ = {
			isa = PBXGroup;
			children = (
				AF1927F92F705261004558EB /* Domain */,
			);
			path = Models;
			sourceTree = "<group>";
		};
		AF1927F92F705261004558EB /* Domain */ = {
			isa = PBXGroup;
			children = (
				AF1927FA2F705268004558EB /* EntityID.swift */,
				AF1927FC2F705283004558EB /* SyncMetadata.swift */,
				AF1927FE2F705298004558EB /* Workspace.swift */,
				AF1928002F705298004558EB /* Project.swift */,
				AF1928022F705299004558EB /* Board.swift */,
				AF1928042F7052BC004558EB /* BoardStage.swift */,
				AF1928062F7052BD004558EB /* BoardStagePreset.swift */,
				AF1928082F7052BE004558EB /* Task.swift */,
				AF19280A2F7052D6004558EB /* BoardStageInvariants.swift */,
			);
			path = Domain;
			sourceTree = "<group>";
		};
		B3C7A5FDACBB83AACE8247CB /* State */ = {
			isa = PBXGroup;
			children = (
				D967340833E3367BDDE707C8 /* HomeFeatureState.swift */,
			);
			path = State;
			sourceTree = "<group>";
		};
		B4F14D0503B5FAD49BDEB1A8 /* Page */ = {
			isa = PBXGroup;
			children = (
				3CC8F6E7BA4F2F67123CAC00 /* KanbanBoardPageView.swift */,
			);
			path = Page;
			sourceTree = "<group>";
		};
		C1E5E90A6CA18966DB19D27A /* State */ = {
			isa = PBXGroup;
			children = (
				4416B54CDDBB352113A1EC07 /* KanbanBoardFeatureState.swift */,
			);
			path = State;
			sourceTree = "<group>";
		};
		C6A56C70AC07C59B57EC9309 /* Features */ = {
			isa = PBXGroup;
			children = (
				CE62FEB319733684A9678229 /* Home */,
				CDA52DCB94BE60E5487EDDA8 /* Project */,
				5111F7E96DBBD54253389298 /* Board */,
				F9C5C835A1A3CE2495E0F83A /* TaskList */,
				2DEA34A1E95ACFEAA5255D58 /* KanbanBoard */,
				D3B116788661D41CB0449559 /* TaskPage */,
			);
			path = Features;
			sourceTree = "<group>";
		};
		CA66EFCC091B46C7BF2DC6A0 /* State */ = {
			isa = PBXGroup;
			children = (
				9CC987C75810068A2AF00082 /* ProjectFeatureState.swift */,
			);
			path = State;
			sourceTree = "<group>";
		};
		CDA52DCB94BE60E5487EDDA8 /* Project */ = {
			isa = PBXGroup;
			children = (
				FE71A686BD7F87F960DB9F32 /* Page */,
				CA66EFCC091B46C7BF2DC6A0 /* State */,
			);
			path = Project;
			sourceTree = "<group>";
		};
		CE62FEB319733684A9678229 /* Home */ = {
			isa = PBXGroup;
			children = (
				F2FF236C41850874B7CC3337 /* Page */,
				B3C7A5FDACBB83AACE8247CB /* State */,
			);
			path = Home;
			sourceTree = "<group>";
		};
		D3B116788661D41CB0449559 /* TaskPage */ = {
			isa = PBXGroup;
			children = (
				90BD38041A6135239C2F3475 /* Page */,
				0DCF5C00603B13576283D1BE /* State */,
			);
			path = TaskPage;
			sourceTree = "<group>";
		};
		E8358A943D83D16F1FB720F9 /* State */ = {
			isa = PBXGroup;
			children = (
				9F6786FD441C6F5530A6D341 /* TaskListFeatureState.swift */,
			);
			path = State;
			sourceTree = "<group>";
		};
		E9C5559B631AE04C522F3A8B /* Frameworks */ = {
			isa = PBXGroup;
			children = (
				9075BBD5B043B5F18235D275 /* OS X */,
			);
			name = Frameworks;
			sourceTree = "<group>";
		};
		F2FF236C41850874B7CC3337 /* Page */ = {
			isa = PBXGroup;
			children = (
				2D2CD785CA6B557085DD3209 /* HomePageView.swift */,
			);
			path = Page;
			sourceTree = "<group>";
		};
		F9C5C835A1A3CE2495E0F83A /* TaskList */ = {
			isa = PBXGroup;
			children = (
				4291CFA7E64F61F454E4187C /* Page */,
				E8358A943D83D16F1FB720F9 /* State */,
			);
			path = TaskList;
			sourceTree = "<group>";
		};
		FE71A686BD7F87F960DB9F32 /* Page */ = {
			isa = PBXGroup;
			children = (
				9B0BA2E52DAC3DEA4F88B452 /* ProjectPageView.swift */,
			);
			path = Page;
			sourceTree = "<group>";
		};
/* End PBXGroup section */

/* Begin PBXNativeTarget section */
		0C0215CC09CA41349434A3D2 /* AltisMacOSTests */ = {
			isa = PBXNativeTarget;
			buildConfigurationList = 56327154CB24C0F48AD8DE07 /* Build configuration list for PBXNativeTarget "AltisMacOSTests" */;
			buildPhases = (
				46C948AB35F273AB8F9E9C65 /* Sources */,
				14029AE8F7CF1209B3134039 /* Frameworks */,
				2F7407FDB76ABE10001E3D9B /* Resources */,
			);
			buildRules = (
			);
			dependencies = (
				ADF69280B6E0E6512B75BF51 /* PBXTargetDependency */,
			);
			name = AltisMacOSTests;
			productName = AltisMacOSTests;
			productReference = 58EAF51483D6191D8DDCBB6C /* Altis macOS.xctest */;
			productType = "com.apple.product-type.bundle.unit-test";
		};
		46EC88EAD15DB7984CE39851 /* AltisMacOS */ = {
			isa = PBXNativeTarget;
			buildConfigurationList = 6787B2EE53CBC99ACCA01C7B /* Build configuration list for PBXNativeTarget "AltisMacOS" */;
			buildPhases = (
				35C29C2E51279E5DABE79E5A /* Sources */,
				63B24347855C5CC448735E73 /* Frameworks */,
				5B48E75E746FF2FE22F33667 /* Resources */,
			);
			buildRules = (
			);
			dependencies = (
			);
			name = AltisMacOS;
			productName = AltisMacOS;
			productReference = 8DEC202A1A09109E913FEEFA /* Altis macOS.app */;
			productType = "com.apple.product-type.application";
		};
/* End PBXNativeTarget section */

/* Begin PBXProject section */
		8F357C5BAC7E08671616333A /* Project object */ = {
			isa = PBXProject;
			attributes = {
				LastSwiftUpdateCheck = 1600;
				LastUpgradeCheck = 1600;
			};
			buildConfigurationList = D79F99C19A8BECB350E0B878 /* Build configuration list for PBXProject "AltisMacOS" */;
			compatibilityVersion = "Xcode 3.2";
			developmentRegion = en;
			hasScannedForEncodings = 0;
			knownRegions = (
				en,
				Base,
			);
			mainGroup = 292DF1619795B3C977CF145E;
			productRefGroup = 10A65B9357836931365807A1 /* Products */;
			projectDirPath = "";
			projectRoot = "";
			targets = (
				46EC88EAD15DB7984CE39851 /* AltisMacOS */,
				0C0215CC09CA41349434A3D2 /* AltisMacOSTests */,
			);
		};
/* End PBXProject section */

/* Begin PBXResourcesBuildPhase section */
		2F7407FDB76ABE10001E3D9B /* Resources */ = {
			isa = PBXResourcesBuildPhase;
			buildActionMask = 2147483647;
			files = (
			);
			runOnlyForDeploymentPostprocessing = 0;
		};
		5B48E75E746FF2FE22F33667 /* Resources */ = {
			isa = PBXResourcesBuildPhase;
			buildActionMask = 2147483647;
			files = (
			);
			runOnlyForDeploymentPostprocessing = 0;
		};
/* End PBXResourcesBuildPhase section */

/* Begin PBXSourcesBuildPhase section */
		35C29C2E51279E5DABE79E5A /* Sources */ = {
			isa = PBXSourcesBuildPhase;
			buildActionMask = 2147483647;
			files = (
				273C6DC68224E6FE37AEF386 /* AltisMacOSApp.swift in Sources */,
				AF1928052F7052BC004558EB /* BoardStage.swift in Sources */,
				24789AD5E62B6A642952821F /* RootView.swift in Sources */,
				454070CCA28356311D94995A /* AppShell.swift in Sources */,
				AF1928012F705298004558EB /* Project.swift in Sources */,
				0F4DB9BECBA12A6A3223681F /* AppRoute.swift in Sources */,
				C6509B74CFEA81063E331636 /* HomePageView.swift in Sources */,
				AF1927FD2F705283004558EB /* SyncMetadata.swift in Sources */,
				AF1928072F7052BD004558EB /* BoardStagePreset.swift in Sources */,
				FF5FF22D2272B579F0F1853E /* HomeFeatureState.swift in Sources */,
				2E9C63CDAB47FEE2003AA095 /* ProjectPageView.swift in Sources */,
				B60D55D07D4FF89C58C613F7 /* ProjectFeatureState.swift in Sources */,
				AF1927FF2F705298004558EB /* Workspace.swift in Sources */,
				AF1928032F705299004558EB /* Board.swift in Sources */,
				6E88F0153003105FB189507C /* BoardPageView.swift in Sources */,
				1727A55FE22884D72B57E6C0 /* BoardFeatureState.swift in Sources */,
				AF1928092F7052BE004558EB /* Task.swift in Sources */,
				AF19280B2F7052D6004558EB /* BoardStageInvariants.swift in Sources */,
				56AE6E8CE1C6B8FDA1AFBFAB /* TaskListPageView.swift in Sources */,
				AF1927FB2F705268004558EB /* EntityID.swift in Sources */,
				44F316FEC52F9E1B55829ECB /* TaskListFeatureState.swift in Sources */,
				29CF5D9B71166AF2A34087EF /* KanbanBoardPageView.swift in Sources */,
				E157B8C0C0CEDC007C80FF6D /* KanbanBoardFeatureState.swift in Sources */,
				EB01AB5442118A6732B6E7D5 /* TaskPageView.swift in Sources */,
				520EF04D77DF2917496CC53A /* TaskPageFeatureState.swift in Sources */,
			);
			runOnlyForDeploymentPostprocessing = 0;
		};
		46C948AB35F273AB8F9E9C65 /* Sources */ = {
			isa = PBXSourcesBuildPhase;
			buildActionMask = 2147483647;
			files = (
				57811DEFB6D5AD26A864350D /* AltisMacOSTests.swift in Sources */,
			);
			runOnlyForDeploymentPostprocessing = 0;
		};
/* End PBXSourcesBuildPhase section */

/* Begin PBXTargetDependency section */
		ADF69280B6E0E6512B75BF51 /* PBXTargetDependency */ = {
			isa = PBXTargetDependency;
			name = AltisMacOS;
			target = 46EC88EAD15DB7984CE39851 /* AltisMacOS */;
			targetProxy = 0284CAC84FC36A46CFDA4FB4 /* PBXContainerItemProxy */;
		};
/* End PBXTargetDependency section */

/* Begin XCBuildConfiguration section */
		2A9295BE92A64608A7965212 /* Release */ = {
			isa = XCBuildConfiguration;
			baseConfigurationReference = F7113E2887FC076C1A652F1E /* Base.xcconfig */;
			buildSettings = {
				ALWAYS_SEARCH_USER_PATHS = NO;
				CLANG_ANALYZER_NONNULL = YES;
				CLANG_ANALYZER_NUMBER_OBJECT_CONVERSION = YES_AGGRESSIVE;
				CLANG_CXX_LANGUAGE_STANDARD = "gnu++14";
				CLANG_CXX_LIBRARY = "libc++";
				CLANG_ENABLE_MODULES = YES;
				CLANG_ENABLE_OBJC_ARC = YES;
				CLANG_ENABLE_OBJC_WEAK = YES;
				CLANG_WARN_BLOCK_CAPTURE_AUTORELEASING = YES;
				CLANG_WARN_BOOL_CONVERSION = YES;
				CLANG_WARN_COMMA = YES;
				CLANG_WARN_CONSTANT_CONVERSION = YES;
				CLANG_WARN_DEPRECATED_OBJC_IMPLEMENTATIONS = YES;
				CLANG_WARN_DIRECT_OBJC_ISA_USAGE = YES_ERROR;
				CLANG_WARN_DOCUMENTATION_COMMENTS = YES;
				CLANG_WARN_EMPTY_BODY = YES;
				CLANG_WARN_ENUM_CONVERSION = YES;
				CLANG_WARN_INFINITE_RECURSION = YES;
				CLANG_WARN_INT_CONVERSION = YES;
				CLANG_WARN_NON_LITERAL_NULL_CONVERSION = YES;
				CLANG_WARN_OBJC_IMPLICIT_RETAIN_SELF = YES;
				CLANG_WARN_OBJC_LITERAL_CONVERSION = YES;
				CLANG_WARN_OBJC_ROOT_CLASS = YES_ERROR;
				CLANG_WARN_QUOTED_INCLUDE_IN_FRAMEWORK_HEADER = YES;
				CLANG_WARN_RANGE_LOOP_ANALYSIS = YES;
				CLANG_WARN_STRICT_PROTOTYPES = YES;
				CLANG_WARN_SUSPICIOUS_MOVE = YES;
				CLANG_WARN_UNGUARDED_AVAILABILITY = YES_AGGRESSIVE;
				CLANG_WARN_UNREACHABLE_CODE = YES;
				CLANG_WARN__DUPLICATE_METHOD_MATCH = YES;
				COPY_PHASE_STRIP = NO;
				DEBUG_INFORMATION_FORMAT = "dwarf-with-dsym";
				ENABLE_NS_ASSERTIONS = NO;
				ENABLE_STRICT_OBJC_MSGSEND = YES;
				GCC_C_LANGUAGE_STANDARD = gnu11;
				GCC_NO_COMMON_BLOCKS = YES;
				GCC_WARN_64_TO_32_BIT_CONVERSION = YES;
				GCC_WARN_ABOUT_RETURN_TYPE = YES_ERROR;
				GCC_WARN_UNDECLARED_SELECTOR = YES;
				GCC_WARN_UNINITIALIZED_AUTOS = YES_AGGRESSIVE;
				GCC_WARN_UNUSED_FUNCTION = YES;
				GCC_WARN_UNUSED_VARIABLE = YES;
				MTL_ENABLE_DEBUG_INFO = NO;
				MTL_FAST_MATH = YES;
				PRODUCT_NAME = "$(TARGET_NAME)";
				SWIFT_OPTIMIZATION_LEVEL = "-Owholemodule";
				SWIFT_VERSION = 5.0;
			};
			name = Release;
		};
		2C7B9B2130C5023FDE824CF8 /* Release */ = {
			isa = XCBuildConfiguration;
			baseConfigurationReference = 5DDFD8F45F6A56BF07943D4D /* Release.xcconfig */;
			buildSettings = {
				ASSETCATALOG_COMPILER_APPICON_NAME = AppIcon;
				ASSETCATALOG_COMPILER_GLOBAL_ACCENT_COLOR_NAME = AccentColor;
				COMBINE_HIDPI_IMAGES = YES;
				GENERATE_INFOPLIST_FILE = YES;
				INFOPLIST_KEY_CFBundleDisplayName = "$(PRODUCT_NAME)";
				LD_RUNPATH_SEARCH_PATHS = "$(inherited) @executable_path/../Frameworks";
				MACOSX_DEPLOYMENT_TARGET = 15.0;
				PRODUCT_BUNDLE_IDENTIFIER = "com.altis.bootstrap.$(PRODUCT_NAME:rfc1034identifier)";
				SDKROOT = macosx;
				SWIFT_VERSION = 6.0;
			};
			name = Release;
		};
		31631A17552088CA31B79228 /* Release */ = {
			isa = XCBuildConfiguration;
			baseConfigurationReference = 5DDFD8F45F6A56BF07943D4D /* Release.xcconfig */;
			buildSettings = {
				BUNDLE_LOADER = "$(TEST_HOST)";
				GENERATE_INFOPLIST_FILE = YES;
				INFOPLIST_KEY_CFBundleDisplayName = "$(PRODUCT_NAME)";
				MACOSX_DEPLOYMENT_TARGET = 15.0;
				PRODUCT_BUNDLE_IDENTIFIER = "com.altis.bootstrap.$(PRODUCT_NAME:rfc1034identifier)";
				SDKROOT = macosx;
				SWIFT_VERSION = 6.0;
				TEST_HOST = "$(BUILT_PRODUCTS_DIR)/AltisMacOS.app/Contents/MacOS/AltisMacOS";
			};
			name = Release;
		};
		37B02330ECD0E5AED4B57D30 /* Debug */ = {
			isa = XCBuildConfiguration;
			baseConfigurationReference = 687AF830925F835E854E0BF3 /* Debug.xcconfig */;
			buildSettings = {
				BUNDLE_LOADER = "$(TEST_HOST)";
				GENERATE_INFOPLIST_FILE = YES;
				INFOPLIST_KEY_CFBundleDisplayName = "$(PRODUCT_NAME)";
				MACOSX_DEPLOYMENT_TARGET = 15.0;
				PRODUCT_BUNDLE_IDENTIFIER = "com.altis.bootstrap.$(PRODUCT_NAME:rfc1034identifier)";
				SDKROOT = macosx;
				SWIFT_VERSION = 6.0;
				TEST_HOST = "$(BUILT_PRODUCTS_DIR)/AltisMacOS.app/Contents/MacOS/AltisMacOS";
			};
			name = Debug;
		};
		450A5BA9946066026D38350D /* Debug */ = {
			isa = XCBuildConfiguration;
			baseConfigurationReference = 687AF830925F835E854E0BF3 /* Debug.xcconfig */;
			buildSettings = {
				ASSETCATALOG_COMPILER_APPICON_NAME = AppIcon;
				ASSETCATALOG_COMPILER_GLOBAL_ACCENT_COLOR_NAME = AccentColor;
				COMBINE_HIDPI_IMAGES = YES;
				GENERATE_INFOPLIST_FILE = YES;
				INFOPLIST_KEY_CFBundleDisplayName = "$(PRODUCT_NAME)";
				LD_RUNPATH_SEARCH_PATHS = "$(inherited) @executable_path/../Frameworks";
				MACOSX_DEPLOYMENT_TARGET = 15.0;
				PRODUCT_BUNDLE_IDENTIFIER = "com.altis.bootstrap.$(PRODUCT_NAME:rfc1034identifier)";
				SDKROOT = macosx;
				SWIFT_VERSION = 6.0;
			};
			name = Debug;
		};
		C58E8EFF7640B054F7E9A746 /* Debug */ = {
			isa = XCBuildConfiguration;
			baseConfigurationReference = F7113E2887FC076C1A652F1E /* Base.xcconfig */;
			buildSettings = {
				ALWAYS_SEARCH_USER_PATHS = NO;
				CLANG_ANALYZER_NONNULL = YES;
				CLANG_ANALYZER_NUMBER_OBJECT_CONVERSION = YES_AGGRESSIVE;
				CLANG_CXX_LANGUAGE_STANDARD = "gnu++14";
				CLANG_CXX_LIBRARY = "libc++";
				CLANG_ENABLE_MODULES = YES;
				CLANG_ENABLE_OBJC_ARC = YES;
				CLANG_ENABLE_OBJC_WEAK = YES;
				CLANG_WARN_BLOCK_CAPTURE_AUTORELEASING = YES;
				CLANG_WARN_BOOL_CONVERSION = YES;
				CLANG_WARN_COMMA = YES;
				CLANG_WARN_CONSTANT_CONVERSION = YES;
				CLANG_WARN_DEPRECATED_OBJC_IMPLEMENTATIONS = YES;
				CLANG_WARN_DIRECT_OBJC_ISA_USAGE = YES_ERROR;
				CLANG_WARN_DOCUMENTATION_COMMENTS = YES;
				CLANG_WARN_EMPTY_BODY = YES;
				CLANG_WARN_ENUM_CONVERSION = YES;
				CLANG_WARN_INFINITE_RECURSION = YES;
				CLANG_WARN_INT_CONVERSION = YES;
				CLANG_WARN_NON_LITERAL_NULL_CONVERSION = YES;
				CLANG_WARN_OBJC_IMPLICIT_RETAIN_SELF = YES;
				CLANG_WARN_OBJC_LITERAL_CONVERSION = YES;
				CLANG_WARN_OBJC_ROOT_CLASS = YES_ERROR;
				CLANG_WARN_QUOTED_INCLUDE_IN_FRAMEWORK_HEADER = YES;
				CLANG_WARN_RANGE_LOOP_ANALYSIS = YES;
				CLANG_WARN_STRICT_PROTOTYPES = YES;
				CLANG_WARN_SUSPICIOUS_MOVE = YES;
				CLANG_WARN_UNGUARDED_AVAILABILITY = YES_AGGRESSIVE;
				CLANG_WARN_UNREACHABLE_CODE = YES;
				CLANG_WARN__DUPLICATE_METHOD_MATCH = YES;
				COPY_PHASE_STRIP = NO;
				DEBUG_INFORMATION_FORMAT = dwarf;
				ENABLE_STRICT_OBJC_MSGSEND = YES;
				ENABLE_TESTABILITY = YES;
				GCC_C_LANGUAGE_STANDARD = gnu11;
				GCC_DYNAMIC_NO_PIC = NO;
				GCC_NO_COMMON_BLOCKS = YES;
				GCC_OPTIMIZATION_LEVEL = 0;
				GCC_PREPROCESSOR_DEFINITIONS = (
					"DEBUG=1",
					"$(inherited)",
				);
				GCC_WARN_64_TO_32_BIT_CONVERSION = YES;
				GCC_WARN_ABOUT_RETURN_TYPE = YES_ERROR;
				GCC_WARN_UNDECLARED_SELECTOR = YES;
				GCC_WARN_UNINITIALIZED_AUTOS = YES_AGGRESSIVE;
				GCC_WARN_UNUSED_FUNCTION = YES;
				GCC_WARN_UNUSED_VARIABLE = YES;
				MTL_ENABLE_DEBUG_INFO = INCLUDE_SOURCE;
				MTL_FAST_MATH = YES;
				ONLY_ACTIVE_ARCH = YES;
				PRODUCT_NAME = "$(TARGET_NAME)";
				SWIFT_ACTIVE_COMPILATION_CONDITIONS = DEBUG;
				SWIFT_OPTIMIZATION_LEVEL = "-Onone";
				SWIFT_VERSION = 5.0;
			};
			name = Debug;
		};
/* End XCBuildConfiguration section */

/* Begin XCConfigurationList section */
		56327154CB24C0F48AD8DE07 /* Build configuration list for PBXNativeTarget "AltisMacOSTests" */ = {
			isa = XCConfigurationList;
			buildConfigurations = (
				31631A17552088CA31B79228 /* Release */,
				37B02330ECD0E5AED4B57D30 /* Debug */,
			);
			defaultConfigurationIsVisible = 0;
			defaultConfigurationName = Release;
		};
		6787B2EE53CBC99ACCA01C7B /* Build configuration list for PBXNativeTarget "AltisMacOS" */ = {
			isa = XCConfigurationList;
			buildConfigurations = (
				2C7B9B2130C5023FDE824CF8 /* Release */,
				450A5BA9946066026D38350D /* Debug */,
			);
			defaultConfigurationIsVisible = 0;
			defaultConfigurationName = Release;
		};
		D79F99C19A8BECB350E0B878 /* Build configuration list for PBXProject "AltisMacOS" */ = {
			isa = XCConfigurationList;
			buildConfigurations = (
				C58E8EFF7640B054F7E9A746 /* Debug */,
				2A9295BE92A64608A7965212 /* Release */,
			);
			defaultConfigurationIsVisible = 0;
			defaultConfigurationName = Release;
		};
/* End XCConfigurationList section */
	};
	rootObject = 8F357C5BAC7E08671616333A /* Project object */;
}
